// !$*UTF8*$!
{
	archiveVersion = 1;
	classes = {
	};
	objectVersion = 46;
	objects = {

/* Begin PBXBuildFile section */
		330E31371D51F40D00B94695 /* GTLoginViewController.m in Sources */ = {isa = PBXBuildFile; fileRef = 330E31361D51F40D00B94695 /* GTLoginViewController.m */; };
		330E313B1D52220900B94695 /* GTDeviceZoneModel2.m in Sources */ = {isa = PBXBuildFile; fileRef = 330E313A1D52220900B94695 /* GTDeviceZoneModel2.m */; };
		3313240C1D7BBA2500D4EFBB /* GTTimerQueue.m in Sources */ = {isa = PBXBuildFile; fileRef = 3313240B1D7BBA2500D4EFBB /* GTTimerQueue.m */; };
		3313FED11D4F8892001B27C6 /* GTGestureManager.m in Sources */ = {isa = PBXBuildFile; fileRef = 3313FED01D4F8892001B27C6 /* GTGestureManager.m */; };
		3313FED41D4F8CE8001B27C6 /* GTBaseNavigationController.m in Sources */ = {isa = PBXBuildFile; fileRef = 3313FED31D4F8CE8001B27C6 /* GTBaseNavigationController.m */; };
		331D90341D5F24BA00C69699 /* GTDatePickPanel.m in Sources */ = {isa = PBXBuildFile; fileRef = 331D90331D5F24BA00C69699 /* GTDatePickPanel.m */; };
		331D90371D5F2ECF00C69699 /* GTDatePickActionSheet.m in Sources */ = {isa = PBXBuildFile; fileRef = 331D90361D5F2ECF00C69699 /* GTDatePickActionSheet.m */; };
		331D90401D6084D400C69699 /* GTZoneDataManager.m in Sources */ = {isa = PBXBuildFile; fileRef = 331D903F1D6084D400C69699 /* GTZoneDataManager.m */; };
		331FC0C01D635AF20038C7B6 /* libMiPushSDK.a in Frameworks */ = {isa = PBXBuildFile; fileRef = 331FC0BE1D635AF20038C7B6 /* libMiPushSDK.a */; };
		331FC0C21D635BED0038C7B6 /* libresolv.tbd in Frameworks */ = {isa = PBXBuildFile; fileRef = 331FC0C11D635BED0038C7B6 /* libresolv.tbd */; };
		331FC0C41D635BFD0038C7B6 /* libxml2.tbd in Frameworks */ = {isa = PBXBuildFile; fileRef = 331FC0C31D635BFD0038C7B6 /* libxml2.tbd */; };
		331FC0C61D635C170038C7B6 /* MobileCoreServices.framework in Frameworks */ = {isa = PBXBuildFile; fileRef = 331FC0C51D635C170038C7B6 /* MobileCoreServices.framework */; };
		331FC0CA1D649A190038C7B6 /* GTNotDisturbViewController.m in Sources */ = {isa = PBXBuildFile; fileRef = 331FC0C91D649A190038C7B6 /* GTNotDisturbViewController.m */; };
		331FC0CD1D64A0700038C7B6 /* GTNotDisturbCell.m in Sources */ = {isa = PBXBuildFile; fileRef = 331FC0CC1D64A0700038C7B6 /* GTNotDisturbCell.m */; };
		331FC0D31D655DD90038C7B6 /* GTNoDeviceView.m in Sources */ = {isa = PBXBuildFile; fileRef = 331FC0D21D655DD90038C7B6 /* GTNoDeviceView.m */; };
		3321FA4E1D3240FD00D3850E /* GTWindow.m in Sources */ = {isa = PBXBuildFile; fileRef = 3321FA4D1D3240FD00D3850E /* GTWindow.m */; };
		3321FA531D329D1300D3850E /* NSString+CheckingExtension.m in Sources */ = {isa = PBXBuildFile; fileRef = 3321FA521D329D1300D3850E /* NSString+CheckingExtension.m */; };
		3321FA571D329ED600D3850E /* MBProgressHUD+DisplayExtension.m in Sources */ = {isa = PBXBuildFile; fileRef = 3321FA561D329ED600D3850E /* MBProgressHUD+DisplayExtension.m */; };
		3321FA5A1D32A82E00D3850E /* GTHttpManager.m in Sources */ = {isa = PBXBuildFile; fileRef = 3321FA591D32A82E00D3850E /* GTHttpManager.m */; };
		3321FA611D3354FC00D3850E /* libWeChatSDK.a in Frameworks */ = {isa = PBXBuildFile; fileRef = 3321FA5C1D3354FC00D3850E /* libWeChatSDK.a */; };
		3321FA621D3354FC00D3850E /* README.txt in Resources */ = {isa = PBXBuildFile; fileRef = 3321FA5D1D3354FC00D3850E /* README.txt */; };
		3321FA681D33B96B00D3850E /* GTLoginMenuViewController.m in Sources */ = {isa = PBXBuildFile; fileRef = 3321FA671D33B96B00D3850E /* GTLoginMenuViewController.m */; };
		3321FA6B1D33BA3C00D3850E /* GTWXLoginManager.m in Sources */ = {isa = PBXBuildFile; fileRef = 3321FA6A1D33BA3C00D3850E /* GTWXLoginManager.m */; };
		3321FA6D1D33BC1C00D3850E /* Security.framework in Frameworks */ = {isa = PBXBuildFile; fileRef = 3321FA6C1D33BC1C00D3850E /* Security.framework */; };
		3321FA711D33BE1D00D3850E /* libc++.tbd in Frameworks */ = {isa = PBXBuildFile; fileRef = 3321FA701D33BE1D00D3850E /* libc++.tbd */; };
		3321FA731D33BE2700D3850E /* libz.tbd in Frameworks */ = {isa = PBXBuildFile; fileRef = 3321FA721D33BE2700D3850E /* libz.tbd */; };
		3321FA751D33BE2F00D3850E /* SystemConfiguration.framework in Frameworks */ = {isa = PBXBuildFile; fileRef = 3321FA741D33BE2F00D3850E /* SystemConfiguration.framework */; };
		3321FA771D33BE7B00D3850E /* libsqlite3.tbd in Frameworks */ = {isa = PBXBuildFile; fileRef = 3321FA761D33BE7B00D3850E /* libsqlite3.tbd */; };
		3321FA791D33BED300D3850E /* CoreTelephony.framework in Frameworks */ = {isa = PBXBuildFile; fileRef = 3321FA781D33BED300D3850E /* CoreTelephony.framework */; };
		3321FA891D33E40000D3850E /* GTUserUtils.m in Sources */ = {isa = PBXBuildFile; fileRef = 3321FA881D33E40000D3850E /* GTUserUtils.m */; };
		3321FA8D1D33E87B00D3850E /* GTUserModel.m in Sources */ = {isa = PBXBuildFile; fileRef = 3321FA8C1D33E87B00D3850E /* GTUserModel.m */; };
		3321FA901D33F4CA00D3850E /* NSMutableDictionary+HTTPExtension.m in Sources */ = {isa = PBXBuildFile; fileRef = 3321FA8F1D33F4CA00D3850E /* NSMutableDictionary+HTTPExtension.m */; };
		3321FA931D33F96900D3850E /* NSDictionary+HTTPExtionsion.m in Sources */ = {isa = PBXBuildFile; fileRef = 3321FA921D33F96900D3850E /* NSDictionary+HTTPExtionsion.m */; };
		3321FA9A1D34C55300D3850E /* GTDeviceListViewController.m in Sources */ = {isa = PBXBuildFile; fileRef = 3321FA991D34C55300D3850E /* GTDeviceListViewController.m */; };
		3321FAA11D36743200D3850E /* GTDeviceListCell.m in Sources */ = {isa = PBXBuildFile; fileRef = 3321FAA01D36743200D3850E /* GTDeviceListCell.m */; };
		3321FAA41D36782500D3850E /* GTDeviceModel.m in Sources */ = {isa = PBXBuildFile; fileRef = 3321FAA31D36782500D3850E /* GTDeviceModel.m */; };
		3321FAB21D36924100D3850E /* UIView+GTCornerRadius.m in Sources */ = {isa = PBXBuildFile; fileRef = 3321FAB11D36924100D3850E /* UIView+GTCornerRadius.m */; };
		3321FAB51D3692FF00D3850E /* GTEditDeviceViewController.m in Sources */ = {isa = PBXBuildFile; fileRef = 3321FAB41D3692FF00D3850E /* GTEditDeviceViewController.m */; };
		3321FABD1D37CAB500D3850E /* UIView+DisplayExtention.m in Sources */ = {isa = PBXBuildFile; fileRef = 3321FABC1D37CAB500D3850E /* UIView+DisplayExtention.m */; };
		3321FAC31D39291C00D3850E /* GTPhoneRegisterViewController.m in Sources */ = {isa = PBXBuildFile; fileRef = 3321FAC21D39291C00D3850E /* GTPhoneRegisterViewController.m */; };
		3321FAC71D393B5F00D3850E /* GTUserInfoViewController.m in Sources */ = {isa = PBXBuildFile; fileRef = 3321FAC61D393B5F00D3850E /* GTUserInfoViewController.m */; };
		3326A0371D3E6470000697DC /* GTFeedbackViewController.m in Sources */ = {isa = PBXBuildFile; fileRef = 3326A0361D3E6470000697DC /* GTFeedbackViewController.m */; };
		332BA24B1D3F45E300B0C635 /* GTWarningRecordModel.m in Sources */ = {isa = PBXBuildFile; fileRef = 332BA24A1D3F45E300B0C635 /* GTWarningRecordModel.m */; };
		332BA24E1D3F502600B0C635 /* GTWarningRecordsViewController.m in Sources */ = {isa = PBXBuildFile; fileRef = 332BA24D1D3F502600B0C635 /* GTWarningRecordsViewController.m */; };
		332BA2511D3FADB500B0C635 /* GTWarningRecordCell.m in Sources */ = {isa = PBXBuildFile; fileRef = 332BA2501D3FADB500B0C635 /* GTWarningRecordCell.m */; };
		332BA2541D3FAF1200B0C635 /* GTWarningRecordDataManager.m in Sources */ = {isa = PBXBuildFile; fileRef = 332BA2531D3FAF1200B0C635 /* GTWarningRecordDataManager.m */; };
		333725951D6C24560094621E /* GTShareManager.m in Sources */ = {isa = PBXBuildFile; fileRef = 333725941D6C24560094621E /* GTShareManager.m */; };
		334FBDF61D695C1C0076346E /* GTAddDeviceNoCell.m in Sources */ = {isa = PBXBuildFile; fileRef = 334FBDF51D695C1C0076346E /* GTAddDeviceNoCell.m */; };
		3352A60E1D39CEEB00EED5C0 /* PCCircle.m in Sources */ = {isa = PBXBuildFile; fileRef = 3352A6091D39CEEB00EED5C0 /* PCCircle.m */; };
		3352A60F1D39CEEB00EED5C0 /* PCCircleView.m in Sources */ = {isa = PBXBuildFile; fileRef = 3352A60B1D39CEEB00EED5C0 /* PCCircleView.m */; };
		3352A6101D39CEEB00EED5C0 /* PCCircleViewConst.m in Sources */ = {isa = PBXBuildFile; fileRef = 3352A60D1D39CEEB00EED5C0 /* PCCircleViewConst.m */; };
		3352A6161D39D03B00EED5C0 /* GTGestureUnlockViewController.m in Sources */ = {isa = PBXBuildFile; fileRef = 3352A6151D39D03B00EED5C0 /* GTGestureUnlockViewController.m */; };
		3352A61B1D39D8E100EED5C0 /* PCCircleInfoView.m in Sources */ = {isa = PBXBuildFile; fileRef = 3352A6181D39D8E100EED5C0 /* PCCircleInfoView.m */; };
		3352A61C1D39D8E100EED5C0 /* PCLockLabel.m in Sources */ = {isa = PBXBuildFile; fileRef = 3352A61A1D39D8E100EED5C0 /* PCLockLabel.m */; };
		3352A61F1D39D90600EED5C0 /* GestureViewController.m in Sources */ = {isa = PBXBuildFile; fileRef = 3352A61E1D39D90600EED5C0 /* GestureViewController.m */; };
		3352A6221D39D96700EED5C0 /* CALayer+Anim.m in Sources */ = {isa = PBXBuildFile; fileRef = 3352A6211D39D96700EED5C0 /* CALayer+Anim.m */; };
		335380881D445FE100041BD9 /* UIColor+DisplayExtension.m in Sources */ = {isa = PBXBuildFile; fileRef = 335380871D445FE100041BD9 /* UIColor+DisplayExtension.m */; };
		3353808B1D4461A900041BD9 /* GTWarningDetailCommentCell.m in Sources */ = {isa = PBXBuildFile; fileRef = 3353808A1D4461A900041BD9 /* GTWarningDetailCommentCell.m */; };
		3353808E1D44620C00041BD9 /* GTWarningDetailDoneCell.m in Sources */ = {isa = PBXBuildFile; fileRef = 3353808D1D44620C00041BD9 /* GTWarningDetailDoneCell.m */; };
		335380931D44C75700041BD9 /* start.json in Resources */ = {isa = PBXBuildFile; fileRef = 335380921D44C75700041BD9 /* start.json */; };
		335380971D44C80D00041BD9 /* GTStartModel.m in Sources */ = {isa = PBXBuildFile; fileRef = 335380961D44C80D00041BD9 /* GTStartModel.m */; };
		3356AA691D6EDD0E00F4F4EF /* CRBaseActionSheet.m in Sources */ = {isa = PBXBuildFile; fileRef = 3356AA681D6EDD0E00F4F4EF /* CRBaseActionSheet.m */; };
		3356AA6C1D6EE49100F4F4EF /* CRSelectActionSheet.m in Sources */ = {isa = PBXBuildFile; fileRef = 3356AA6B1D6EE49100F4F4EF /* CRSelectActionSheet.m */; };
		3356AA721D6F371E00F4F4EF /* GTAddDeviceUserTypeCell.m in Sources */ = {isa = PBXBuildFile; fileRef = 3356AA701D6F371E00F4F4EF /* GTAddDeviceUserTypeCell.m */; };
		33620C911D4128C800209AE7 /* page.json in Resources */ = {isa = PBXBuildFile; fileRef = 33620C901D4128C800209AE7 /* page.json */; };
		33651FD51D53302900F5CA9F /* GTSearchActionSheet.m in Sources */ = {isa = PBXBuildFile; fileRef = 33651FD41D53302900F5CA9F /* GTSearchActionSheet.m */; };
		33651FDE1D53801E00F5CA9F /* GTSearchBar.m in Sources */ = {isa = PBXBuildFile; fileRef = 33651FDD1D53801E00F5CA9F /* GTSearchBar.m */; };
		336C612B1D41211A003C4410 /* GTWarningRecordCompleteModel.m in Sources */ = {isa = PBXBuildFile; fileRef = 336C612A1D41211A003C4410 /* GTWarningRecordCompleteModel.m */; };
		337663B51D45E1D0003AA73C /* GTShareActionSheet.m in Sources */ = {isa = PBXBuildFile; fileRef = 337663B41D45E1D0003AA73C /* GTShareActionSheet.m */; };
		337663B81D46097A003AA73C /* GTDeviceManagerAuthorization.m in Sources */ = {isa = PBXBuildFile; fileRef = 337663B71D46097A003AA73C /* GTDeviceManagerAuthorization.m */; };
		337663BB1D474952003AA73C /* GTMainViewInfoModel.m in Sources */ = {isa = PBXBuildFile; fileRef = 337663BA1D474952003AA73C /* GTMainViewInfoModel.m */; };
		337663C01D489A04003AA73C /* GTDeviceZoneModel.m in Sources */ = {isa = PBXBuildFile; fileRef = 337663BF1D489A04003AA73C /* GTDeviceZoneModel.m */; };
		337663C31D48CD5D003AA73C /* GTDeviceFuntionItem.m in Sources */ = {isa = PBXBuildFile; fileRef = 337663C21D48CD5D003AA73C /* GTDeviceFuntionItem.m */; };
		337663C91D49F04C003AA73C /* GTRoutesListViewController.m in Sources */ = {isa = PBXBuildFile; fileRef = 337663C81D49F04C003AA73C /* GTRoutesListViewController.m */; };
		337663CC1D49FC88003AA73C /* GTDeviceZoneCell.m in Sources */ = {isa = PBXBuildFile; fileRef = 337663CB1D49FC88003AA73C /* GTDeviceZoneCell.m */; };
		3382FABF1D6FDF9C003E4EE0 /* UIViewController+GTAlertController.m in Sources */ = {isa = PBXBuildFile; fileRef = 3382FABE1D6FDF9C003E4EE0 /* UIViewController+GTAlertController.m */; };
		3382FAC21D700EB1003E4EE0 /* GTCheckPwdModel.m in Sources */ = {isa = PBXBuildFile; fileRef = 3382FAC11D700EB1003E4EE0 /* GTCheckPwdModel.m */; };
		33A0FC861D3D1C6A00C731DF /* GTMainViewController.m in Sources */ = {isa = PBXBuildFile; fileRef = 33A0FC851D3D1C6A00C731DF /* GTMainViewController.m */; };
		33A0FC891D3D1FBB00C731DF /* GTUserInfoCell.m in Sources */ = {isa = PBXBuildFile; fileRef = 33A0FC881D3D1FBB00C731DF /* GTUserInfoCell.m */; };
		33B093411D7D40B900C6E8A0 /* GTWebViewController.m in Sources */ = {isa = PBXBuildFile; fileRef = 33B093401D7D40B900C6E8A0 /* GTWebViewController.m */; };
		33B0FF781D65DC1400F9429A /* GTQuitCell.m in Sources */ = {isa = PBXBuildFile; fileRef = 33B0FF761D65DC1400F9429A /* GTQuitCell.m */; };
		33B0FF791D65DC1400F9429A /* GTQuitCell.xib in Resources */ = {isa = PBXBuildFile; fileRef = 33B0FF771D65DC1400F9429A /* GTQuitCell.xib */; };
		33B0FF7C1D66E7AE00F9429A /* GTBottomSelectionView.m in Sources */ = {isa = PBXBuildFile; fileRef = 33B0FF7B1D66E7AE00F9429A /* GTBottomSelectionView.m */; };
		33B0FF7E1D66E7E800F9429A /* GTBottomSelectionView.xib in Resources */ = {isa = PBXBuildFile; fileRef = 33B0FF7D1D66E7E800F9429A /* GTBottomSelectionView.xib */; };
		33B578A71D5CC2D200A1401B /* GTWarningRecordCell.xib in Resources */ = {isa = PBXBuildFile; fileRef = 33B578A61D5CC2D200A1401B /* GTWarningRecordCell.xib */; };
		33B578AB1D5EFFFC00A1401B /* GTSelectionPanel.m in Sources */ = {isa = PBXBuildFile; fileRef = 33B578AA1D5EFFFC00A1401B /* GTSelectionPanel.m */; };
		33B578B01D5F02AC00A1401B /* NSString+GTCommon.m in Sources */ = {isa = PBXBuildFile; fileRef = 33B578AF1D5F02AC00A1401B /* NSString+GTCommon.m */; };
		33C620981D2FE7E60022A9F0 /* main.m in Sources */ = {isa = PBXBuildFile; fileRef = 33C620971D2FE7E60022A9F0 /* main.m */; };
		33C6209B1D2FE7E60022A9F0 /* AppDelegate.m in Sources */ = {isa = PBXBuildFile; fileRef = 33C6209A1D2FE7E60022A9F0 /* AppDelegate.m */; };
		33C620A11D2FE7E60022A9F0 /* Main.storyboard in Resources */ = {isa = PBXBuildFile; fileRef = 33C6209F1D2FE7E60022A9F0 /* Main.storyboard */; };
		33C620A31D2FE7E60022A9F0 /* Assets.xcassets in Resources */ = {isa = PBXBuildFile; fileRef = 33C620A21D2FE7E60022A9F0 /* Assets.xcassets */; };
		33C620A61D2FE7E60022A9F0 /* LaunchScreen.storyboard in Resources */ = {isa = PBXBuildFile; fileRef = 33C620A41D2FE7E60022A9F0 /* LaunchScreen.storyboard */; };
		33C620B01D30096E0022A9F0 /* GTAddDeviceViewController.m in Sources */ = {isa = PBXBuildFile; fileRef = 33C620AF1D30096E0022A9F0 /* GTAddDeviceViewController.m */; };
		33C620B31D300D750022A9F0 /* GTAddDeviceCell.m in Sources */ = {isa = PBXBuildFile; fileRef = 33C620B21D300D750022A9F0 /* GTAddDeviceCell.m */; };
		33C7B3581D7986470063075A /* GTZoneCellTimer.m in Sources */ = {isa = PBXBuildFile; fileRef = 33C7B3571D7986470063075A /* GTZoneCellTimer.m */; };
		33DF4D881D71AC9900707324 /* UIViewController+GTExtionsion.m in Sources */ = {isa = PBXBuildFile; fileRef = 33DF4D871D71AC9900707324 /* UIViewController+GTExtionsion.m */; };
		33DF4D8A1D71B0E500707324 /* GTZoneStrainView.xib in Resources */ = {isa = PBXBuildFile; fileRef = 33DF4D891D71B0E500707324 /* GTZoneStrainView.xib */; };
		33DF4D8D1D71B2A300707324 /* GTZoneStrainView.m in Sources */ = {isa = PBXBuildFile; fileRef = 33DF4D8C1D71B2A300707324 /* GTZoneStrainView.m */; };
		33DF4D8F1D71C6BF00707324 /* GTZoneInfoView.xib in Resources */ = {isa = PBXBuildFile; fileRef = 33DF4D8E1D71C6BF00707324 /* GTZoneInfoView.xib */; };
		33DF4D921D71CA6E00707324 /* GTZoneInfoView.m in Sources */ = {isa = PBXBuildFile; fileRef = 33DF4D911D71CA6E00707324 /* GTZoneInfoView.m */; };
		33DF4D981D72857D00707324 /* GTZoneStainEditViewController.m in Sources */ = {isa = PBXBuildFile; fileRef = 33DF4D971D72857D00707324 /* GTZoneStainEditViewController.m */; };
		33DF4D9C1D72886500707324 /* GTDoneButtonCell.xib in Resources */ = {isa = PBXBuildFile; fileRef = 33DF4D9B1D72886500707324 /* GTDoneButtonCell.xib */; };
		33DF4DA21D72897600707324 /* GTDoneButtonCell.m in Sources */ = {isa = PBXBuildFile; fileRef = 33DF4DA11D72897600707324 /* GTDoneButtonCell.m */; };
		33FEDBB41D562371009A3D06 /* GTZoneEditViewController.m in Sources */ = {isa = PBXBuildFile; fileRef = 33FEDBB31D562371009A3D06 /* GTZoneEditViewController.m */; };
		33FEDBCD1D58B775009A3D06 /* GTEditOneRowCell.xib in Resources */ = {isa = PBXBuildFile; fileRef = 33FEDBCC1D58B775009A3D06 /* GTEditOneRowCell.xib */; };
		33FEDBD01D58BF27009A3D06 /* GTEditOneRowCell.m in Sources */ = {isa = PBXBuildFile; fileRef = 33FEDBCF1D58BF27009A3D06 /* GTEditOneRowCell.m */; };
		33FEDBD41D58C1BF009A3D06 /* GTEditTwoRowCell.m in Sources */ = {isa = PBXBuildFile; fileRef = 33FEDBD21D58C1BF009A3D06 /* GTEditTwoRowCell.m */; };
		33FEDBD51D58C1BF009A3D06 /* GTEditTwoRowCell.xib in Resources */ = {isa = PBXBuildFile; fileRef = 33FEDBD31D58C1BF009A3D06 /* GTEditTwoRowCell.xib */; };
		33FF6D2F1D4370FE009C730E /* GTWarningDetailViewController.m in Sources */ = {isa = PBXBuildFile; fileRef = 33FF6D2E1D4370FE009C730E /* GTWarningDetailViewController.m */; };
		33FF6D341D4375D0009C730E /* GTWarningDetailCommonCell.m in Sources */ = {isa = PBXBuildFile; fileRef = 33FF6D331D4375D0009C730E /* GTWarningDetailCommonCell.m */; };
		33FF6D3A1D43770F009C730E /* GTWarningDetailStateCell.m in Sources */ = {isa = PBXBuildFile; fileRef = 33FF6D391D43770F009C730E /* GTWarningDetailStateCell.m */; };
		33FF6D3D1D437B83009C730E /* UIImage+DisplayExtension.m in Sources */ = {isa = PBXBuildFile; fileRef = 33FF6D3C1D437B83009C730E /* UIImage+DisplayExtension.m */; };
		8BE677447F85240C7D463C57 /* libPods-gatoCloud.a in Frameworks */ = {isa = PBXBuildFile; fileRef = 5DB7C0AA89F4ABA958A8D5DC /* libPods-gatoCloud.a */; };
/* End PBXBuildFile section */

/* Begin PBXFileReference section */
		1E0F76716D129E10DF7A68C4 /* Pods-gatoCloud.release.xcconfig */ = {isa = PBXFileReference; includeInIndex = 1; lastKnownFileType = text.xcconfig; name = "Pods-gatoCloud.release.xcconfig"; path = "Pods/Target Support Files/Pods-gatoCloud/Pods-gatoCloud.release.xcconfig"; sourceTree = "<group>"; };
		330E31351D51F40D00B94695 /* GTLoginViewController.h */ = {isa = PBXFileReference; fileEncoding = 4; lastKnownFileType = sourcecode.c.h; path = GTLoginViewController.h; sourceTree = "<group>"; };
		330E31361D51F40D00B94695 /* GTLoginViewController.m */ = {isa = PBXFileReference; fileEncoding = 4; lastKnownFileType = sourcecode.c.objc; path = GTLoginViewController.m; sourceTree = "<group>"; };
		330E31391D52220900B94695 /* GTDeviceZoneModel2.h */ = {isa = PBXFileReference; fileEncoding = 4; lastKnownFileType = sourcecode.c.h; path = GTDeviceZoneModel2.h; sourceTree = "<group>"; };
		330E313A1D52220900B94695 /* GTDeviceZoneModel2.m */ = {isa = PBXFileReference; fileEncoding = 4; lastKnownFileType = sourcecode.c.objc; path = GTDeviceZoneModel2.m; sourceTree = "<group>"; };
		3313240A1D7BBA2500D4EFBB /* GTTimerQueue.h */ = {isa = PBXFileReference; fileEncoding = 4; lastKnownFileType = sourcecode.c.h; path = GTTimerQueue.h; sourceTree = "<group>"; };
		3313240B1D7BBA2500D4EFBB /* GTTimerQueue.m */ = {isa = PBXFileReference; fileEncoding = 4; lastKnownFileType = sourcecode.c.objc; path = GTTimerQueue.m; sourceTree = "<group>"; };
		3313FECF1D4F8892001B27C6 /* GTGestureManager.h */ = {isa = PBXFileReference; fileEncoding = 4; lastKnownFileType = sourcecode.c.h; path = GTGestureManager.h; sourceTree = "<group>"; };
		3313FED01D4F8892001B27C6 /* GTGestureManager.m */ = {isa = PBXFileReference; fileEncoding = 4; lastKnownFileType = sourcecode.c.objc; path = GTGestureManager.m; sourceTree = "<group>"; };
		3313FED21D4F8CE8001B27C6 /* GTBaseNavigationController.h */ = {isa = PBXFileReference; fileEncoding = 4; lastKnownFileType = sourcecode.c.h; path = GTBaseNavigationController.h; sourceTree = "<group>"; };
		3313FED31D4F8CE8001B27C6 /* GTBaseNavigationController.m */ = {isa = PBXFileReference; fileEncoding = 4; lastKnownFileType = sourcecode.c.objc; path = GTBaseNavigationController.m; sourceTree = "<group>"; };
		331D90321D5F24BA00C69699 /* GTDatePickPanel.h */ = {isa = PBXFileReference; fileEncoding = 4; lastKnownFileType = sourcecode.c.h; path = GTDatePickPanel.h; sourceTree = "<group>"; };
		331D90331D5F24BA00C69699 /* GTDatePickPanel.m */ = {isa = PBXFileReference; fileEncoding = 4; lastKnownFileType = sourcecode.c.objc; path = GTDatePickPanel.m; sourceTree = "<group>"; };
		331D90351D5F2ECF00C69699 /* GTDatePickActionSheet.h */ = {isa = PBXFileReference; fileEncoding = 4; lastKnownFileType = sourcecode.c.h; path = GTDatePickActionSheet.h; sourceTree = "<group>"; };
		331D90361D5F2ECF00C69699 /* GTDatePickActionSheet.m */ = {isa = PBXFileReference; fileEncoding = 4; lastKnownFileType = sourcecode.c.objc; path = GTDatePickActionSheet.m; sourceTree = "<group>"; };
		331D903E1D6084D400C69699 /* GTZoneDataManager.h */ = {isa = PBXFileReference; fileEncoding = 4; lastKnownFileType = sourcecode.c.h; path = GTZoneDataManager.h; sourceTree = "<group>"; };
		331D903F1D6084D400C69699 /* GTZoneDataManager.m */ = {isa = PBXFileReference; fileEncoding = 4; lastKnownFileType = sourcecode.c.objc; path = GTZoneDataManager.m; sourceTree = "<group>"; };
		331FC0BE1D635AF20038C7B6 /* libMiPushSDK.a */ = {isa = PBXFileReference; lastKnownFileType = archive.ar; path = libMiPushSDK.a; sourceTree = "<group>"; };
		331FC0BF1D635AF20038C7B6 /* MiPushSDK.h */ = {isa = PBXFileReference; fileEncoding = 4; lastKnownFileType = sourcecode.c.h; path = MiPushSDK.h; sourceTree = "<group>"; };
		331FC0C11D635BED0038C7B6 /* libresolv.tbd */ = {isa = PBXFileReference; lastKnownFileType = "sourcecode.text-based-dylib-definition"; name = libresolv.tbd; path = usr/lib/libresolv.tbd; sourceTree = SDKROOT; };
		331FC0C31D635BFD0038C7B6 /* libxml2.tbd */ = {isa = PBXFileReference; lastKnownFileType = "sourcecode.text-based-dylib-definition"; name = libxml2.tbd; path = usr/lib/libxml2.tbd; sourceTree = SDKROOT; };
		331FC0C51D635C170038C7B6 /* MobileCoreServices.framework */ = {isa = PBXFileReference; lastKnownFileType = wrapper.framework; name = MobileCoreServices.framework; path = System/Library/Frameworks/MobileCoreServices.framework; sourceTree = SDKROOT; };
		331FC0C81D649A190038C7B6 /* GTNotDisturbViewController.h */ = {isa = PBXFileReference; fileEncoding = 4; lastKnownFileType = sourcecode.c.h; path = GTNotDisturbViewController.h; sourceTree = "<group>"; };
		331FC0C91D649A190038C7B6 /* GTNotDisturbViewController.m */ = {isa = PBXFileReference; fileEncoding = 4; lastKnownFileType = sourcecode.c.objc; path = GTNotDisturbViewController.m; sourceTree = "<group>"; };
		331FC0CB1D64A0700038C7B6 /* GTNotDisturbCell.h */ = {isa = PBXFileReference; fileEncoding = 4; lastKnownFileType = sourcecode.c.h; path = GTNotDisturbCell.h; sourceTree = "<group>"; };
		331FC0CC1D64A0700038C7B6 /* GTNotDisturbCell.m */ = {isa = PBXFileReference; fileEncoding = 4; lastKnownFileType = sourcecode.c.objc; path = GTNotDisturbCell.m; sourceTree = "<group>"; };
		331FC0D11D655DD90038C7B6 /* GTNoDeviceView.h */ = {isa = PBXFileReference; fileEncoding = 4; lastKnownFileType = sourcecode.c.h; path = GTNoDeviceView.h; sourceTree = "<group>"; };
		331FC0D21D655DD90038C7B6 /* GTNoDeviceView.m */ = {isa = PBXFileReference; fileEncoding = 4; lastKnownFileType = sourcecode.c.objc; path = GTNoDeviceView.m; sourceTree = "<group>"; };
		3321FA4C1D3240FD00D3850E /* GTWindow.h */ = {isa = PBXFileReference; fileEncoding = 4; lastKnownFileType = sourcecode.c.h; path = GTWindow.h; sourceTree = "<group>"; };
		3321FA4D1D3240FD00D3850E /* GTWindow.m */ = {isa = PBXFileReference; fileEncoding = 4; lastKnownFileType = sourcecode.c.objc; path = GTWindow.m; sourceTree = "<group>"; };
		3321FA511D329D1300D3850E /* NSString+CheckingExtension.h */ = {isa = PBXFileReference; fileEncoding = 4; lastKnownFileType = sourcecode.c.h; path = "NSString+CheckingExtension.h"; sourceTree = "<group>"; };
		3321FA521D329D1300D3850E /* NSString+CheckingExtension.m */ = {isa = PBXFileReference; fileEncoding = 4; lastKnownFileType = sourcecode.c.objc; path = "NSString+CheckingExtension.m"; sourceTree = "<group>"; };
		3321FA551D329ED600D3850E /* MBProgressHUD+DisplayExtension.h */ = {isa = PBXFileReference; fileEncoding = 4; lastKnownFileType = sourcecode.c.h; path = "MBProgressHUD+DisplayExtension.h"; sourceTree = "<group>"; };
		3321FA561D329ED600D3850E /* MBProgressHUD+DisplayExtension.m */ = {isa = PBXFileReference; fileEncoding = 4; lastKnownFileType = sourcecode.c.objc; path = "MBProgressHUD+DisplayExtension.m"; sourceTree = "<group>"; };
		3321FA581D32A82E00D3850E /* GTHttpManager.h */ = {isa = PBXFileReference; fileEncoding = 4; lastKnownFileType = sourcecode.c.h; path = GTHttpManager.h; sourceTree = "<group>"; };
		3321FA591D32A82E00D3850E /* GTHttpManager.m */ = {isa = PBXFileReference; fileEncoding = 4; lastKnownFileType = sourcecode.c.objc; path = GTHttpManager.m; sourceTree = "<group>"; };
		3321FA5C1D3354FC00D3850E /* libWeChatSDK.a */ = {isa = PBXFileReference; lastKnownFileType = archive.ar; path = libWeChatSDK.a; sourceTree = "<group>"; };
		3321FA5D1D3354FC00D3850E /* README.txt */ = {isa = PBXFileReference; fileEncoding = 4; lastKnownFileType = text; path = README.txt; sourceTree = "<group>"; };
		3321FA5E1D3354FC00D3850E /* WechatAuthSDK.h */ = {isa = PBXFileReference; fileEncoding = 4; lastKnownFileType = sourcecode.c.h; path = WechatAuthSDK.h; sourceTree = "<group>"; };
		3321FA5F1D3354FC00D3850E /* WXApi.h */ = {isa = PBXFileReference; fileEncoding = 4; lastKnownFileType = sourcecode.c.h; path = WXApi.h; sourceTree = "<group>"; };
		3321FA601D3354FC00D3850E /* WXApiObject.h */ = {isa = PBXFileReference; fileEncoding = 4; lastKnownFileType = sourcecode.c.h; path = WXApiObject.h; sourceTree = "<group>"; };
		3321FA661D33B96B00D3850E /* GTLoginMenuViewController.h */ = {isa = PBXFileReference; fileEncoding = 4; lastKnownFileType = sourcecode.c.h; path = GTLoginMenuViewController.h; sourceTree = "<group>"; };
		3321FA671D33B96B00D3850E /* GTLoginMenuViewController.m */ = {isa = PBXFileReference; fileEncoding = 4; lastKnownFileType = sourcecode.c.objc; path = GTLoginMenuViewController.m; sourceTree = "<group>"; };
		3321FA691D33BA3C00D3850E /* GTWXLoginManager.h */ = {isa = PBXFileReference; fileEncoding = 4; lastKnownFileType = sourcecode.c.h; name = GTWXLoginManager.h; path = Login/GTWXLoginManager.h; sourceTree = "<group>"; };
		3321FA6A1D33BA3C00D3850E /* GTWXLoginManager.m */ = {isa = PBXFileReference; fileEncoding = 4; lastKnownFileType = sourcecode.c.objc; name = GTWXLoginManager.m; path = Login/GTWXLoginManager.m; sourceTree = "<group>"; };
		3321FA6C1D33BC1C00D3850E /* Security.framework */ = {isa = PBXFileReference; lastKnownFileType = wrapper.framework; name = Security.framework; path = System/Library/Frameworks/Security.framework; sourceTree = SDKROOT; };
		3321FA6E1D33BE0E00D3850E /* libsqlite3.0.tbd */ = {isa = PBXFileReference; lastKnownFileType = "sourcecode.text-based-dylib-definition"; name = libsqlite3.0.tbd; path = usr/lib/libsqlite3.0.tbd; sourceTree = SDKROOT; };
		3321FA701D33BE1D00D3850E /* libc++.tbd */ = {isa = PBXFileReference; lastKnownFileType = "sourcecode.text-based-dylib-definition"; name = "libc++.tbd"; path = "usr/lib/libc++.tbd"; sourceTree = SDKROOT; };
		3321FA721D33BE2700D3850E /* libz.tbd */ = {isa = PBXFileReference; lastKnownFileType = "sourcecode.text-based-dylib-definition"; name = libz.tbd; path = usr/lib/libz.tbd; sourceTree = SDKROOT; };
		3321FA741D33BE2F00D3850E /* SystemConfiguration.framework */ = {isa = PBXFileReference; lastKnownFileType = wrapper.framework; name = SystemConfiguration.framework; path = System/Library/Frameworks/SystemConfiguration.framework; sourceTree = SDKROOT; };
		3321FA761D33BE7B00D3850E /* libsqlite3.tbd */ = {isa = PBXFileReference; lastKnownFileType = "sourcecode.text-based-dylib-definition"; name = libsqlite3.tbd; path = usr/lib/libsqlite3.tbd; sourceTree = SDKROOT; };
		3321FA781D33BED300D3850E /* CoreTelephony.framework */ = {isa = PBXFileReference; lastKnownFileType = wrapper.framework; name = CoreTelephony.framework; path = System/Library/Frameworks/CoreTelephony.framework; sourceTree = SDKROOT; };
		3321FA871D33E40000D3850E /* GTUserUtils.h */ = {isa = PBXFileReference; fileEncoding = 4; lastKnownFileType = sourcecode.c.h; path = GTUserUtils.h; sourceTree = "<group>"; };
		3321FA881D33E40000D3850E /* GTUserUtils.m */ = {isa = PBXFileReference; fileEncoding = 4; lastKnownFileType = sourcecode.c.objc; path = GTUserUtils.m; sourceTree = "<group>"; };
		3321FA8B1D33E87B00D3850E /* GTUserModel.h */ = {isa = PBXFileReference; fileEncoding = 4; lastKnownFileType = sourcecode.c.h; path = GTUserModel.h; sourceTree = "<group>"; };
		3321FA8C1D33E87B00D3850E /* GTUserModel.m */ = {isa = PBXFileReference; fileEncoding = 4; lastKnownFileType = sourcecode.c.objc; path = GTUserModel.m; sourceTree = "<group>"; };
		3321FA8E1D33F4CA00D3850E /* NSMutableDictionary+HTTPExtension.h */ = {isa = PBXFileReference; fileEncoding = 4; lastKnownFileType = sourcecode.c.h; path = "NSMutableDictionary+HTTPExtension.h"; sourceTree = "<group>"; };
		3321FA8F1D33F4CA00D3850E /* NSMutableDictionary+HTTPExtension.m */ = {isa = PBXFileReference; fileEncoding = 4; lastKnownFileType = sourcecode.c.objc; path = "NSMutableDictionary+HTTPExtension.m"; sourceTree = "<group>"; };
		3321FA911D33F96900D3850E /* NSDictionary+HTTPExtionsion.h */ = {isa = PBXFileReference; fileEncoding = 4; lastKnownFileType = sourcecode.c.h; path = "NSDictionary+HTTPExtionsion.h"; sourceTree = "<group>"; };
		3321FA921D33F96900D3850E /* NSDictionary+HTTPExtionsion.m */ = {isa = PBXFileReference; fileEncoding = 4; lastKnownFileType = sourcecode.c.objc; path = "NSDictionary+HTTPExtionsion.m"; sourceTree = "<group>"; };
		3321FA981D34C55300D3850E /* GTDeviceListViewController.h */ = {isa = PBXFileReference; fileEncoding = 4; lastKnownFileType = sourcecode.c.h; path = GTDeviceListViewController.h; sourceTree = "<group>"; };
		3321FA991D34C55300D3850E /* GTDeviceListViewController.m */ = {isa = PBXFileReference; fileEncoding = 4; lastKnownFileType = sourcecode.c.objc; path = GTDeviceListViewController.m; sourceTree = "<group>"; };
		3321FA9F1D36743200D3850E /* GTDeviceListCell.h */ = {isa = PBXFileReference; fileEncoding = 4; lastKnownFileType = sourcecode.c.h; path = GTDeviceListCell.h; sourceTree = "<group>"; };
		3321FAA01D36743200D3850E /* GTDeviceListCell.m */ = {isa = PBXFileReference; fileEncoding = 4; lastKnownFileType = sourcecode.c.objc; path = GTDeviceListCell.m; sourceTree = "<group>"; };
		3321FAA21D36782500D3850E /* GTDeviceModel.h */ = {isa = PBXFileReference; fileEncoding = 4; lastKnownFileType = sourcecode.c.h; path = GTDeviceModel.h; sourceTree = "<group>"; };
		3321FAA31D36782500D3850E /* GTDeviceModel.m */ = {isa = PBXFileReference; fileEncoding = 4; lastKnownFileType = sourcecode.c.objc; path = GTDeviceModel.m; sourceTree = "<group>"; };
		3321FAB01D36924100D3850E /* UIView+GTCornerRadius.h */ = {isa = PBXFileReference; fileEncoding = 4; lastKnownFileType = sourcecode.c.h; path = "UIView+GTCornerRadius.h"; sourceTree = "<group>"; };
		3321FAB11D36924100D3850E /* UIView+GTCornerRadius.m */ = {isa = PBXFileReference; fileEncoding = 4; lastKnownFileType = sourcecode.c.objc; path = "UIView+GTCornerRadius.m"; sourceTree = "<group>"; };
		3321FAB31D3692FF00D3850E /* GTEditDeviceViewController.h */ = {isa = PBXFileReference; fileEncoding = 4; lastKnownFileType = sourcecode.c.h; path = GTEditDeviceViewController.h; sourceTree = "<group>"; };
		3321FAB41D3692FF00D3850E /* GTEditDeviceViewController.m */ = {isa = PBXFileReference; fileEncoding = 4; lastKnownFileType = sourcecode.c.objc; path = GTEditDeviceViewController.m; sourceTree = "<group>"; };
		3321FABB1D37CAB500D3850E /* UIView+DisplayExtention.h */ = {isa = PBXFileReference; fileEncoding = 4; lastKnownFileType = sourcecode.c.h; path = "UIView+DisplayExtention.h"; sourceTree = "<group>"; };
		3321FABC1D37CAB500D3850E /* UIView+DisplayExtention.m */ = {isa = PBXFileReference; fileEncoding = 4; lastKnownFileType = sourcecode.c.objc; path = "UIView+DisplayExtention.m"; sourceTree = "<group>"; };
		3321FAC11D39291C00D3850E /* GTPhoneRegisterViewController.h */ = {isa = PBXFileReference; fileEncoding = 4; lastKnownFileType = sourcecode.c.h; path = GTPhoneRegisterViewController.h; sourceTree = "<group>"; };
		3321FAC21D39291C00D3850E /* GTPhoneRegisterViewController.m */ = {isa = PBXFileReference; fileEncoding = 4; lastKnownFileType = sourcecode.c.objc; path = GTPhoneRegisterViewController.m; sourceTree = "<group>"; };
		3321FAC51D393B5F00D3850E /* GTUserInfoViewController.h */ = {isa = PBXFileReference; fileEncoding = 4; lastKnownFileType = sourcecode.c.h; path = GTUserInfoViewController.h; sourceTree = "<group>"; };
		3321FAC61D393B5F00D3850E /* GTUserInfoViewController.m */ = {isa = PBXFileReference; fileEncoding = 4; lastKnownFileType = sourcecode.c.objc; path = GTUserInfoViewController.m; sourceTree = "<group>"; };
		3326A0351D3E6470000697DC /* GTFeedbackViewController.h */ = {isa = PBXFileReference; fileEncoding = 4; lastKnownFileType = sourcecode.c.h; path = GTFeedbackViewController.h; sourceTree = "<group>"; };
		3326A0361D3E6470000697DC /* GTFeedbackViewController.m */ = {isa = PBXFileReference; fileEncoding = 4; lastKnownFileType = sourcecode.c.objc; path = GTFeedbackViewController.m; sourceTree = "<group>"; };
		332BA2491D3F45E300B0C635 /* GTWarningRecordModel.h */ = {isa = PBXFileReference; fileEncoding = 4; lastKnownFileType = sourcecode.c.h; path = GTWarningRecordModel.h; sourceTree = "<group>"; };
		332BA24A1D3F45E300B0C635 /* GTWarningRecordModel.m */ = {isa = PBXFileReference; fileEncoding = 4; lastKnownFileType = sourcecode.c.objc; path = GTWarningRecordModel.m; sourceTree = "<group>"; };
		332BA24C1D3F502600B0C635 /* GTWarningRecordsViewController.h */ = {isa = PBXFileReference; fileEncoding = 4; lastKnownFileType = sourcecode.c.h; path = GTWarningRecordsViewController.h; sourceTree = "<group>"; };
		332BA24D1D3F502600B0C635 /* GTWarningRecordsViewController.m */ = {isa = PBXFileReference; fileEncoding = 4; lastKnownFileType = sourcecode.c.objc; path = GTWarningRecordsViewController.m; sourceTree = "<group>"; };
		332BA24F1D3FADB500B0C635 /* GTWarningRecordCell.h */ = {isa = PBXFileReference; fileEncoding = 4; lastKnownFileType = sourcecode.c.h; path = GTWarningRecordCell.h; sourceTree = "<group>"; };
		332BA2501D3FADB500B0C635 /* GTWarningRecordCell.m */ = {isa = PBXFileReference; fileEncoding = 4; lastKnownFileType = sourcecode.c.objc; path = GTWarningRecordCell.m; sourceTree = "<group>"; };
		332BA2521D3FAF1200B0C635 /* GTWarningRecordDataManager.h */ = {isa = PBXFileReference; fileEncoding = 4; lastKnownFileType = sourcecode.c.h; path = GTWarningRecordDataManager.h; sourceTree = "<group>"; };
		332BA2531D3FAF1200B0C635 /* GTWarningRecordDataManager.m */ = {isa = PBXFileReference; fileEncoding = 4; lastKnownFileType = sourcecode.c.objc; path = GTWarningRecordDataManager.m; sourceTree = "<group>"; };
		333725931D6C24560094621E /* GTShareManager.h */ = {isa = PBXFileReference; fileEncoding = 4; lastKnownFileType = sourcecode.c.h; path = GTShareManager.h; sourceTree = "<group>"; };
		333725941D6C24560094621E /* GTShareManager.m */ = {isa = PBXFileReference; fileEncoding = 4; lastKnownFileType = sourcecode.c.objc; path = GTShareManager.m; sourceTree = "<group>"; };
		334FBDF41D695C1C0076346E /* GTAddDeviceNoCell.h */ = {isa = PBXFileReference; fileEncoding = 4; lastKnownFileType = sourcecode.c.h; path = GTAddDeviceNoCell.h; sourceTree = "<group>"; };
		334FBDF51D695C1C0076346E /* GTAddDeviceNoCell.m */ = {isa = PBXFileReference; fileEncoding = 4; lastKnownFileType = sourcecode.c.objc; path = GTAddDeviceNoCell.m; sourceTree = "<group>"; };
		3352A6081D39CEEB00EED5C0 /* PCCircle.h */ = {isa = PBXFileReference; fileEncoding = 4; lastKnownFileType = sourcecode.c.h; path = PCCircle.h; sourceTree = "<group>"; };
		3352A6091D39CEEB00EED5C0 /* PCCircle.m */ = {isa = PBXFileReference; fileEncoding = 4; lastKnownFileType = sourcecode.c.objc; path = PCCircle.m; sourceTree = "<group>"; };
		3352A60A1D39CEEB00EED5C0 /* PCCircleView.h */ = {isa = PBXFileReference; fileEncoding = 4; lastKnownFileType = sourcecode.c.h; path = PCCircleView.h; sourceTree = "<group>"; };
		3352A60B1D39CEEB00EED5C0 /* PCCircleView.m */ = {isa = PBXFileReference; fileEncoding = 4; lastKnownFileType = sourcecode.c.objc; path = PCCircleView.m; sourceTree = "<group>"; };
		3352A60C1D39CEEB00EED5C0 /* PCCircleViewConst.h */ = {isa = PBXFileReference; fileEncoding = 4; lastKnownFileType = sourcecode.c.h; path = PCCircleViewConst.h; sourceTree = "<group>"; };
		3352A60D1D39CEEB00EED5C0 /* PCCircleViewConst.m */ = {isa = PBXFileReference; fileEncoding = 4; lastKnownFileType = sourcecode.c.objc; path = PCCircleViewConst.m; sourceTree = "<group>"; };
		3352A6141D39D03B00EED5C0 /* GTGestureUnlockViewController.h */ = {isa = PBXFileReference; fileEncoding = 4; lastKnownFileType = sourcecode.c.h; path = GTGestureUnlockViewController.h; sourceTree = "<group>"; };
		3352A6151D39D03B00EED5C0 /* GTGestureUnlockViewController.m */ = {isa = PBXFileReference; fileEncoding = 4; lastKnownFileType = sourcecode.c.objc; path = GTGestureUnlockViewController.m; sourceTree = "<group>"; };
		3352A6171D39D8E100EED5C0 /* PCCircleInfoView.h */ = {isa = PBXFileReference; fileEncoding = 4; lastKnownFileType = sourcecode.c.h; name = PCCircleInfoView.h; path = gatoCloud/PCCircleInfoView.h; sourceTree = "<group>"; };
		3352A6181D39D8E100EED5C0 /* PCCircleInfoView.m */ = {isa = PBXFileReference; fileEncoding = 4; lastKnownFileType = sourcecode.c.objc; name = PCCircleInfoView.m; path = gatoCloud/PCCircleInfoView.m; sourceTree = "<group>"; };
		3352A6191D39D8E100EED5C0 /* PCLockLabel.h */ = {isa = PBXFileReference; fileEncoding = 4; lastKnownFileType = sourcecode.c.h; name = PCLockLabel.h; path = gatoCloud/PCLockLabel.h; sourceTree = "<group>"; };
		3352A61A1D39D8E100EED5C0 /* PCLockLabel.m */ = {isa = PBXFileReference; fileEncoding = 4; lastKnownFileType = sourcecode.c.objc; name = PCLockLabel.m; path = gatoCloud/PCLockLabel.m; sourceTree = "<group>"; };
		3352A61D1D39D90600EED5C0 /* GestureViewController.h */ = {isa = PBXFileReference; fileEncoding = 4; lastKnownFileType = sourcecode.c.h; path = GestureViewController.h; sourceTree = "<group>"; };
		3352A61E1D39D90600EED5C0 /* GestureViewController.m */ = {isa = PBXFileReference; fileEncoding = 4; lastKnownFileType = sourcecode.c.objc; path = GestureViewController.m; sourceTree = "<group>"; };
		3352A6201D39D96700EED5C0 /* CALayer+Anim.h */ = {isa = PBXFileReference; fileEncoding = 4; lastKnownFileType = sourcecode.c.h; path = "CALayer+Anim.h"; sourceTree = "<group>"; };
		3352A6211D39D96700EED5C0 /* CALayer+Anim.m */ = {isa = PBXFileReference; fileEncoding = 4; lastKnownFileType = sourcecode.c.objc; path = "CALayer+Anim.m"; sourceTree = "<group>"; };
		335380861D445FE100041BD9 /* UIColor+DisplayExtension.h */ = {isa = PBXFileReference; fileEncoding = 4; lastKnownFileType = sourcecode.c.h; path = "UIColor+DisplayExtension.h"; sourceTree = "<group>"; };
		335380871D445FE100041BD9 /* UIColor+DisplayExtension.m */ = {isa = PBXFileReference; fileEncoding = 4; lastKnownFileType = sourcecode.c.objc; path = "UIColor+DisplayExtension.m"; sourceTree = "<group>"; };
		335380891D4461A900041BD9 /* GTWarningDetailCommentCell.h */ = {isa = PBXFileReference; fileEncoding = 4; lastKnownFileType = sourcecode.c.h; path = GTWarningDetailCommentCell.h; sourceTree = "<group>"; };
		3353808A1D4461A900041BD9 /* GTWarningDetailCommentCell.m */ = {isa = PBXFileReference; fileEncoding = 4; lastKnownFileType = sourcecode.c.objc; path = GTWarningDetailCommentCell.m; sourceTree = "<group>"; };
		3353808C1D44620C00041BD9 /* GTWarningDetailDoneCell.h */ = {isa = PBXFileReference; fileEncoding = 4; lastKnownFileType = sourcecode.c.h; path = GTWarningDetailDoneCell.h; sourceTree = "<group>"; };
		3353808D1D44620C00041BD9 /* GTWarningDetailDoneCell.m */ = {isa = PBXFileReference; fileEncoding = 4; lastKnownFileType = sourcecode.c.objc; path = GTWarningDetailDoneCell.m; sourceTree = "<group>"; };
		335380921D44C75700041BD9 /* start.json */ = {isa = PBXFileReference; fileEncoding = 4; lastKnownFileType = text.json; path = start.json; sourceTree = "<group>"; };
		335380951D44C80D00041BD9 /* GTStartModel.h */ = {isa = PBXFileReference; fileEncoding = 4; lastKnownFileType = sourcecode.c.h; path = GTStartModel.h; sourceTree = "<group>"; };
		335380961D44C80D00041BD9 /* GTStartModel.m */ = {isa = PBXFileReference; fileEncoding = 4; lastKnownFileType = sourcecode.c.objc; path = GTStartModel.m; sourceTree = "<group>"; };
		3356AA671D6EDD0E00F4F4EF /* CRBaseActionSheet.h */ = {isa = PBXFileReference; fileEncoding = 4; lastKnownFileType = sourcecode.c.h; path = CRBaseActionSheet.h; sourceTree = "<group>"; };
		3356AA681D6EDD0E00F4F4EF /* CRBaseActionSheet.m */ = {isa = PBXFileReference; fileEncoding = 4; lastKnownFileType = sourcecode.c.objc; path = CRBaseActionSheet.m; sourceTree = "<group>"; };
		3356AA6A1D6EE49100F4F4EF /* CRSelectActionSheet.h */ = {isa = PBXFileReference; fileEncoding = 4; lastKnownFileType = sourcecode.c.h; path = CRSelectActionSheet.h; sourceTree = "<group>"; };
		3356AA6B1D6EE49100F4F4EF /* CRSelectActionSheet.m */ = {isa = PBXFileReference; fileEncoding = 4; lastKnownFileType = sourcecode.c.objc; path = CRSelectActionSheet.m; sourceTree = "<group>"; };
		3356AA701D6F371E00F4F4EF /* GTAddDeviceUserTypeCell.m */ = {isa = PBXFileReference; fileEncoding = 4; lastKnownFileType = sourcecode.c.objc; path = GTAddDeviceUserTypeCell.m; sourceTree = "<group>"; };
		3356AA711D6F371E00F4F4EF /* GTAddDeviceUserTypeCell.h */ = {isa = PBXFileReference; fileEncoding = 4; lastKnownFileType = sourcecode.c.h; path = GTAddDeviceUserTypeCell.h; sourceTree = "<group>"; };
		33620C901D4128C800209AE7 /* page.json */ = {isa = PBXFileReference; fileEncoding = 4; lastKnownFileType = text.json; path = page.json; sourceTree = "<group>"; };
		33620C921D4216E400209AE7 /* GTWarningRecordHeader.h */ = {isa = PBXFileReference; fileEncoding = 4; lastKnownFileType = sourcecode.c.h; path = GTWarningRecordHeader.h; sourceTree = "<group>"; };
		33651FD31D53302900F5CA9F /* GTSearchActionSheet.h */ = {isa = PBXFileReference; fileEncoding = 4; lastKnownFileType = sourcecode.c.h; path = GTSearchActionSheet.h; sourceTree = "<group>"; };
		33651FD41D53302900F5CA9F /* GTSearchActionSheet.m */ = {isa = PBXFileReference; fileEncoding = 4; lastKnownFileType = sourcecode.c.objc; path = GTSearchActionSheet.m; sourceTree = "<group>"; };
		33651FDC1D53801E00F5CA9F /* GTSearchBar.h */ = {isa = PBXFileReference; fileEncoding = 4; lastKnownFileType = sourcecode.c.h; path = GTSearchBar.h; sourceTree = "<group>"; };
		33651FDD1D53801E00F5CA9F /* GTSearchBar.m */ = {isa = PBXFileReference; fileEncoding = 4; lastKnownFileType = sourcecode.c.objc; path = GTSearchBar.m; sourceTree = "<group>"; };
		336C61291D41211A003C4410 /* GTWarningRecordCompleteModel.h */ = {isa = PBXFileReference; fileEncoding = 4; lastKnownFileType = sourcecode.c.h; path = GTWarningRecordCompleteModel.h; sourceTree = "<group>"; };
		336C612A1D41211A003C4410 /* GTWarningRecordCompleteModel.m */ = {isa = PBXFileReference; fileEncoding = 4; lastKnownFileType = sourcecode.c.objc; path = GTWarningRecordCompleteModel.m; sourceTree = "<group>"; };
		337663B31D45E1D0003AA73C /* GTShareActionSheet.h */ = {isa = PBXFileReference; fileEncoding = 4; lastKnownFileType = sourcecode.c.h; path = GTShareActionSheet.h; sourceTree = "<group>"; };
		337663B41D45E1D0003AA73C /* GTShareActionSheet.m */ = {isa = PBXFileReference; fileEncoding = 4; lastKnownFileType = sourcecode.c.objc; path = GTShareActionSheet.m; sourceTree = "<group>"; };
		337663B61D46097A003AA73C /* GTDeviceManagerAuthorization.h */ = {isa = PBXFileReference; fileEncoding = 4; lastKnownFileType = sourcecode.c.h; path = GTDeviceManagerAuthorization.h; sourceTree = "<group>"; };
		337663B71D46097A003AA73C /* GTDeviceManagerAuthorization.m */ = {isa = PBXFileReference; fileEncoding = 4; lastKnownFileType = sourcecode.c.objc; path = GTDeviceManagerAuthorization.m; sourceTree = "<group>"; };
		337663B91D474952003AA73C /* GTMainViewInfoModel.h */ = {isa = PBXFileReference; fileEncoding = 4; lastKnownFileType = sourcecode.c.h; path = GTMainViewInfoModel.h; sourceTree = "<group>"; };
		337663BA1D474952003AA73C /* GTMainViewInfoModel.m */ = {isa = PBXFileReference; fileEncoding = 4; lastKnownFileType = sourcecode.c.objc; path = GTMainViewInfoModel.m; sourceTree = "<group>"; };
		337663BE1D489A04003AA73C /* GTDeviceZoneModel.h */ = {isa = PBXFileReference; fileEncoding = 4; lastKnownFileType = sourcecode.c.h; path = GTDeviceZoneModel.h; sourceTree = "<group>"; };
		337663BF1D489A04003AA73C /* GTDeviceZoneModel.m */ = {isa = PBXFileReference; fileEncoding = 4; lastKnownFileType = sourcecode.c.objc; path = GTDeviceZoneModel.m; sourceTree = "<group>"; };
		337663C11D48CD5D003AA73C /* GTDeviceFuntionItem.h */ = {isa = PBXFileReference; fileEncoding = 4; lastKnownFileType = sourcecode.c.h; path = GTDeviceFuntionItem.h; sourceTree = "<group>"; };
		337663C21D48CD5D003AA73C /* GTDeviceFuntionItem.m */ = {isa = PBXFileReference; fileEncoding = 4; lastKnownFileType = sourcecode.c.objc; path = GTDeviceFuntionItem.m; sourceTree = "<group>"; };
		337663C71D49F04C003AA73C /* GTRoutesListViewController.h */ = {isa = PBXFileReference; fileEncoding = 4; lastKnownFileType = sourcecode.c.h; path = GTRoutesListViewController.h; sourceTree = "<group>"; };
		337663C81D49F04C003AA73C /* GTRoutesListViewController.m */ = {isa = PBXFileReference; fileEncoding = 4; lastKnownFileType = sourcecode.c.objc; path = GTRoutesListViewController.m; sourceTree = "<group>"; };
		337663CA1D49FC88003AA73C /* GTDeviceZoneCell.h */ = {isa = PBXFileReference; fileEncoding = 4; lastKnownFileType = sourcecode.c.h; path = GTDeviceZoneCell.h; sourceTree = "<group>"; };
		337663CB1D49FC88003AA73C /* GTDeviceZoneCell.m */ = {isa = PBXFileReference; fileEncoding = 4; lastKnownFileType = sourcecode.c.objc; path = GTDeviceZoneCell.m; sourceTree = "<group>"; };
		3382FABD1D6FDF9C003E4EE0 /* UIViewController+GTAlertController.h */ = {isa = PBXFileReference; fileEncoding = 4; lastKnownFileType = sourcecode.c.h; path = "UIViewController+GTAlertController.h"; sourceTree = "<group>"; };
		3382FABE1D6FDF9C003E4EE0 /* UIViewController+GTAlertController.m */ = {isa = PBXFileReference; fileEncoding = 4; lastKnownFileType = sourcecode.c.objc; path = "UIViewController+GTAlertController.m"; sourceTree = "<group>"; };
		3382FAC01D700EB1003E4EE0 /* GTCheckPwdModel.h */ = {isa = PBXFileReference; fileEncoding = 4; lastKnownFileType = sourcecode.c.h; path = GTCheckPwdModel.h; sourceTree = "<group>"; };
		3382FAC11D700EB1003E4EE0 /* GTCheckPwdModel.m */ = {isa = PBXFileReference; fileEncoding = 4; lastKnownFileType = sourcecode.c.objc; path = GTCheckPwdModel.m; sourceTree = "<group>"; };
		33A0FC841D3D1C6A00C731DF /* GTMainViewController.h */ = {isa = PBXFileReference; fileEncoding = 4; lastKnownFileType = sourcecode.c.h; path = GTMainViewController.h; sourceTree = "<group>"; };
		33A0FC851D3D1C6A00C731DF /* GTMainViewController.m */ = {isa = PBXFileReference; fileEncoding = 4; lastKnownFileType = sourcecode.c.objc; path = GTMainViewController.m; sourceTree = "<group>"; };
		33A0FC871D3D1FBB00C731DF /* GTUserInfoCell.h */ = {isa = PBXFileReference; fileEncoding = 4; lastKnownFileType = sourcecode.c.h; path = GTUserInfoCell.h; sourceTree = "<group>"; };
		33A0FC881D3D1FBB00C731DF /* GTUserInfoCell.m */ = {isa = PBXFileReference; fileEncoding = 4; lastKnownFileType = sourcecode.c.objc; path = GTUserInfoCell.m; sourceTree = "<group>"; };
		33B0933F1D7D40B900C6E8A0 /* GTWebViewController.h */ = {isa = PBXFileReference; fileEncoding = 4; lastKnownFileType = sourcecode.c.h; path = GTWebViewController.h; sourceTree = "<group>"; };
		33B093401D7D40B900C6E8A0 /* GTWebViewController.m */ = {isa = PBXFileReference; fileEncoding = 4; lastKnownFileType = sourcecode.c.objc; path = GTWebViewController.m; sourceTree = "<group>"; };
		33B0FF751D65DC1400F9429A /* GTQuitCell.h */ = {isa = PBXFileReference; fileEncoding = 4; lastKnownFileType = sourcecode.c.h; path = GTQuitCell.h; sourceTree = "<group>"; };
		33B0FF761D65DC1400F9429A /* GTQuitCell.m */ = {isa = PBXFileReference; fileEncoding = 4; lastKnownFileType = sourcecode.c.objc; path = GTQuitCell.m; sourceTree = "<group>"; };
		33B0FF771D65DC1400F9429A /* GTQuitCell.xib */ = {isa = PBXFileReference; fileEncoding = 4; lastKnownFileType = file.xib; path = GTQuitCell.xib; sourceTree = "<group>"; };
		33B0FF7A1D66E7AE00F9429A /* GTBottomSelectionView.h */ = {isa = PBXFileReference; fileEncoding = 4; lastKnownFileType = sourcecode.c.h; path = GTBottomSelectionView.h; sourceTree = "<group>"; };
		33B0FF7B1D66E7AE00F9429A /* GTBottomSelectionView.m */ = {isa = PBXFileReference; fileEncoding = 4; lastKnownFileType = sourcecode.c.objc; path = GTBottomSelectionView.m; sourceTree = "<group>"; };
		33B0FF7D1D66E7E800F9429A /* GTBottomSelectionView.xib */ = {isa = PBXFileReference; fileEncoding = 4; lastKnownFileType = file.xib; path = GTBottomSelectionView.xib; sourceTree = "<group>"; };
		33B578A61D5CC2D200A1401B /* GTWarningRecordCell.xib */ = {isa = PBXFileReference; fileEncoding = 4; lastKnownFileType = file.xib; path = GTWarningRecordCell.xib; sourceTree = "<group>"; };
		33B578A91D5EFFFC00A1401B /* GTSelectionPanel.h */ = {isa = PBXFileReference; fileEncoding = 4; lastKnownFileType = sourcecode.c.h; path = GTSelectionPanel.h; sourceTree = "<group>"; };
		33B578AA1D5EFFFC00A1401B /* GTSelectionPanel.m */ = {isa = PBXFileReference; fileEncoding = 4; lastKnownFileType = sourcecode.c.objc; path = GTSelectionPanel.m; sourceTree = "<group>"; };
		33B578AE1D5F02AC00A1401B /* NSString+GTCommon.h */ = {isa = PBXFileReference; fileEncoding = 4; lastKnownFileType = sourcecode.c.h; path = "NSString+GTCommon.h"; sourceTree = "<group>"; };
		33B578AF1D5F02AC00A1401B /* NSString+GTCommon.m */ = {isa = PBXFileReference; fileEncoding = 4; lastKnownFileType = sourcecode.c.objc; path = "NSString+GTCommon.m"; sourceTree = "<group>"; };
		33C620931D2FE7E60022A9F0 /* 广拓云警.app */ = {isa = PBXFileReference; explicitFileType = wrapper.application; includeInIndex = 0; path = "广拓云警.app"; sourceTree = BUILT_PRODUCTS_DIR; };
		33C620971D2FE7E60022A9F0 /* main.m */ = {isa = PBXFileReference; lastKnownFileType = sourcecode.c.objc; path = main.m; sourceTree = "<group>"; };
		33C620991D2FE7E60022A9F0 /* AppDelegate.h */ = {isa = PBXFileReference; lastKnownFileType = sourcecode.c.h; path = AppDelegate.h; sourceTree = "<group>"; };
		33C6209A1D2FE7E60022A9F0 /* AppDelegate.m */ = {isa = PBXFileReference; lastKnownFileType = sourcecode.c.objc; path = AppDelegate.m; sourceTree = "<group>"; };
		33C620A01D2FE7E60022A9F0 /* Base */ = {isa = PBXFileReference; lastKnownFileType = file.storyboard; name = Base; path = Base.lproj/Main.storyboard; sourceTree = "<group>"; };
		33C620A21D2FE7E60022A9F0 /* Assets.xcassets */ = {isa = PBXFileReference; lastKnownFileType = folder.assetcatalog; path = Assets.xcassets; sourceTree = "<group>"; };
		33C620A51D2FE7E60022A9F0 /* Base */ = {isa = PBXFileReference; lastKnownFileType = file.storyboard; name = Base; path = Base.lproj/LaunchScreen.storyboard; sourceTree = "<group>"; };
		33C620A71D2FE7E60022A9F0 /* Info.plist */ = {isa = PBXFileReference; lastKnownFileType = text.plist.xml; path = Info.plist; sourceTree = "<group>"; };
		33C620AE1D30096E0022A9F0 /* GTAddDeviceViewController.h */ = {isa = PBXFileReference; fileEncoding = 4; lastKnownFileType = sourcecode.c.h; path = GTAddDeviceViewController.h; sourceTree = "<group>"; };
		33C620AF1D30096E0022A9F0 /* GTAddDeviceViewController.m */ = {isa = PBXFileReference; fileEncoding = 4; lastKnownFileType = sourcecode.c.objc; path = GTAddDeviceViewController.m; sourceTree = "<group>"; };
		33C620B11D300D750022A9F0 /* GTAddDeviceCell.h */ = {isa = PBXFileReference; fileEncoding = 4; lastKnownFileType = sourcecode.c.h; path = GTAddDeviceCell.h; sourceTree = "<group>"; };
		33C620B21D300D750022A9F0 /* GTAddDeviceCell.m */ = {isa = PBXFileReference; fileEncoding = 4; lastKnownFileType = sourcecode.c.objc; path = GTAddDeviceCell.m; sourceTree = "<group>"; };
		33C620B41D300EBE0022A9F0 /* GTGlobalPrefixHeader.h */ = {isa = PBXFileReference; fileEncoding = 4; lastKnownFileType = sourcecode.c.h; path = GTGlobalPrefixHeader.h; sourceTree = "<group>"; };
		33C620B51D30FD9D0022A9F0 /* GTMacroFunctionHeader.h */ = {isa = PBXFileReference; fileEncoding = 4; lastKnownFileType = sourcecode.c.h; path = GTMacroFunctionHeader.h; sourceTree = "<group>"; };
		33C620B61D3107120022A9F0 /* GTMacroConstantHeader.h */ = {isa = PBXFileReference; fileEncoding = 4; lastKnownFileType = sourcecode.c.h; path = GTMacroConstantHeader.h; sourceTree = "<group>"; };
		33C7B3561D7986470063075A /* GTZoneCellTimer.h */ = {isa = PBXFileReference; fileEncoding = 4; lastKnownFileType = sourcecode.c.h; path = GTZoneCellTimer.h; sourceTree = "<group>"; };
		33C7B3571D7986470063075A /* GTZoneCellTimer.m */ = {isa = PBXFileReference; fileEncoding = 4; lastKnownFileType = sourcecode.c.objc; path = GTZoneCellTimer.m; sourceTree = "<group>"; };
		33DF4D861D71AC9900707324 /* UIViewController+GTExtionsion.h */ = {isa = PBXFileReference; fileEncoding = 4; lastKnownFileType = sourcecode.c.h; path = "UIViewController+GTExtionsion.h"; sourceTree = "<group>"; };
		33DF4D871D71AC9900707324 /* UIViewController+GTExtionsion.m */ = {isa = PBXFileReference; fileEncoding = 4; lastKnownFileType = sourcecode.c.objc; path = "UIViewController+GTExtionsion.m"; sourceTree = "<group>"; };
		33DF4D891D71B0E500707324 /* GTZoneStrainView.xib */ = {isa = PBXFileReference; fileEncoding = 4; lastKnownFileType = file.xib; path = GTZoneStrainView.xib; sourceTree = "<group>"; };
		33DF4D8B1D71B2A300707324 /* GTZoneStrainView.h */ = {isa = PBXFileReference; fileEncoding = 4; lastKnownFileType = sourcecode.c.h; path = GTZoneStrainView.h; sourceTree = "<group>"; };
		33DF4D8C1D71B2A300707324 /* GTZoneStrainView.m */ = {isa = PBXFileReference; fileEncoding = 4; lastKnownFileType = sourcecode.c.objc; path = GTZoneStrainView.m; sourceTree = "<group>"; };
		33DF4D8E1D71C6BF00707324 /* GTZoneInfoView.xib */ = {isa = PBXFileReference; fileEncoding = 4; lastKnownFileType = file.xib; path = GTZoneInfoView.xib; sourceTree = "<group>"; };
		33DF4D901D71CA6E00707324 /* GTZoneInfoView.h */ = {isa = PBXFileReference; fileEncoding = 4; lastKnownFileType = sourcecode.c.h; path = GTZoneInfoView.h; sourceTree = "<group>"; };
		33DF4D911D71CA6E00707324 /* GTZoneInfoView.m */ = {isa = PBXFileReference; fileEncoding = 4; lastKnownFileType = sourcecode.c.objc; path = GTZoneInfoView.m; sourceTree = "<group>"; };
		33DF4D961D72857D00707324 /* GTZoneStainEditViewController.h */ = {isa = PBXFileReference; fileEncoding = 4; lastKnownFileType = sourcecode.c.h; path = GTZoneStainEditViewController.h; sourceTree = "<group>"; };
		33DF4D971D72857D00707324 /* GTZoneStainEditViewController.m */ = {isa = PBXFileReference; fileEncoding = 4; lastKnownFileType = sourcecode.c.objc; path = GTZoneStainEditViewController.m; sourceTree = "<group>"; };
		33DF4D9B1D72886500707324 /* GTDoneButtonCell.xib */ = {isa = PBXFileReference; fileEncoding = 4; lastKnownFileType = file.xib; path = GTDoneButtonCell.xib; sourceTree = "<group>"; };
		33DF4DA01D72897600707324 /* GTDoneButtonCell.h */ = {isa = PBXFileReference; fileEncoding = 4; lastKnownFileType = sourcecode.c.h; path = GTDoneButtonCell.h; sourceTree = "<group>"; };
		33DF4DA11D72897600707324 /* GTDoneButtonCell.m */ = {isa = PBXFileReference; fileEncoding = 4; lastKnownFileType = sourcecode.c.objc; path = GTDoneButtonCell.m; sourceTree = "<group>"; };
		33FEDBB21D562371009A3D06 /* GTZoneEditViewController.h */ = {isa = PBXFileReference; fileEncoding = 4; lastKnownFileType = sourcecode.c.h; path = GTZoneEditViewController.h; sourceTree = "<group>"; };
		33FEDBB31D562371009A3D06 /* GTZoneEditViewController.m */ = {isa = PBXFileReference; fileEncoding = 4; lastKnownFileType = sourcecode.c.objc; path = GTZoneEditViewController.m; sourceTree = "<group>"; };
		33FEDBCC1D58B775009A3D06 /* GTEditOneRowCell.xib */ = {isa = PBXFileReference; fileEncoding = 4; lastKnownFileType = file.xib; path = GTEditOneRowCell.xib; sourceTree = "<group>"; };
		33FEDBCE1D58BF27009A3D06 /* GTEditOneRowCell.h */ = {isa = PBXFileReference; fileEncoding = 4; lastKnownFileType = sourcecode.c.h; path = GTEditOneRowCell.h; sourceTree = "<group>"; };
		33FEDBCF1D58BF27009A3D06 /* GTEditOneRowCell.m */ = {isa = PBXFileReference; fileEncoding = 4; lastKnownFileType = sourcecode.c.objc; path = GTEditOneRowCell.m; sourceTree = "<group>"; };
		33FEDBD11D58C1BF009A3D06 /* GTEditTwoRowCell.h */ = {isa = PBXFileReference; fileEncoding = 4; lastKnownFileType = sourcecode.c.h; path = GTEditTwoRowCell.h; sourceTree = "<group>"; };
		33FEDBD21D58C1BF009A3D06 /* GTEditTwoRowCell.m */ = {isa = PBXFileReference; fileEncoding = 4; lastKnownFileType = sourcecode.c.objc; path = GTEditTwoRowCell.m; sourceTree = "<group>"; };
		33FEDBD31D58C1BF009A3D06 /* GTEditTwoRowCell.xib */ = {isa = PBXFileReference; fileEncoding = 4; lastKnownFileType = file.xib; path = GTEditTwoRowCell.xib; sourceTree = "<group>"; };
		33FF6D2D1D4370FE009C730E /* GTWarningDetailViewController.h */ = {isa = PBXFileReference; fileEncoding = 4; lastKnownFileType = sourcecode.c.h; path = GTWarningDetailViewController.h; sourceTree = "<group>"; };
		33FF6D2E1D4370FE009C730E /* GTWarningDetailViewController.m */ = {isa = PBXFileReference; fileEncoding = 4; lastKnownFileType = sourcecode.c.objc; path = GTWarningDetailViewController.m; sourceTree = "<group>"; };
		33FF6D321D4375D0009C730E /* GTWarningDetailCommonCell.h */ = {isa = PBXFileReference; fileEncoding = 4; lastKnownFileType = sourcecode.c.h; path = GTWarningDetailCommonCell.h; sourceTree = "<group>"; };
		33FF6D331D4375D0009C730E /* GTWarningDetailCommonCell.m */ = {isa = PBXFileReference; fileEncoding = 4; lastKnownFileType = sourcecode.c.objc; path = GTWarningDetailCommonCell.m; sourceTree = "<group>"; };
		33FF6D381D43770F009C730E /* GTWarningDetailStateCell.h */ = {isa = PBXFileReference; fileEncoding = 4; lastKnownFileType = sourcecode.c.h; path = GTWarningDetailStateCell.h; sourceTree = "<group>"; };
		33FF6D391D43770F009C730E /* GTWarningDetailStateCell.m */ = {isa = PBXFileReference; fileEncoding = 4; lastKnownFileType = sourcecode.c.objc; path = GTWarningDetailStateCell.m; sourceTree = "<group>"; };
		33FF6D3B1D437B83009C730E /* UIImage+DisplayExtension.h */ = {isa = PBXFileReference; fileEncoding = 4; lastKnownFileType = sourcecode.c.h; path = "UIImage+DisplayExtension.h"; sourceTree = "<group>"; };
		33FF6D3C1D437B83009C730E /* UIImage+DisplayExtension.m */ = {isa = PBXFileReference; fileEncoding = 4; lastKnownFileType = sourcecode.c.objc; path = "UIImage+DisplayExtension.m"; sourceTree = "<group>"; };
		4E9C7E50B9B21A8135494CBF /* Pods-gatoCloud.debug.xcconfig */ = {isa = PBXFileReference; includeInIndex = 1; lastKnownFileType = text.xcconfig; name = "Pods-gatoCloud.debug.xcconfig"; path = "Pods/Target Support Files/Pods-gatoCloud/Pods-gatoCloud.debug.xcconfig"; sourceTree = "<group>"; };
		5DB7C0AA89F4ABA958A8D5DC /* libPods-gatoCloud.a */ = {isa = PBXFileReference; explicitFileType = archive.ar; includeInIndex = 0; path = "libPods-gatoCloud.a"; sourceTree = BUILT_PRODUCTS_DIR; };
/* End PBXFileReference section */

/* Begin PBXFrameworksBuildPhase section */
		33C620901D2FE7E60022A9F0 /* Frameworks */ = {
			isa = PBXFrameworksBuildPhase;
			buildActionMask = 2147483647;
			files = (
				3321FA791D33BED300D3850E /* CoreTelephony.framework in Frameworks */,
				331FC0C61D635C170038C7B6 /* MobileCoreServices.framework in Frameworks */,
				331FC0C41D635BFD0038C7B6 /* libxml2.tbd in Frameworks */,
				331FC0C21D635BED0038C7B6 /* libresolv.tbd in Frameworks */,
				3321FA771D33BE7B00D3850E /* libsqlite3.tbd in Frameworks */,
				331FC0C01D635AF20038C7B6 /* libMiPushSDK.a in Frameworks */,
				3321FA751D33BE2F00D3850E /* SystemConfiguration.framework in Frameworks */,
				3321FA731D33BE2700D3850E /* libz.tbd in Frameworks */,
				3321FA711D33BE1D00D3850E /* libc++.tbd in Frameworks */,
				3321FA6D1D33BC1C00D3850E /* Security.framework in Frameworks */,
				3321FA611D3354FC00D3850E /* libWeChatSDK.a in Frameworks */,
				8BE677447F85240C7D463C57 /* libPods-gatoCloud.a in Frameworks */,
			);
			runOnlyForDeploymentPostprocessing = 0;
		};
/* End PBXFrameworksBuildPhase section */

/* Begin PBXGroup section */
		331AF79C1D757388002D1997 /* ActionSheet */ = {
			isa = PBXGroup;
			children = (
				337663B31D45E1D0003AA73C /* GTShareActionSheet.h */,
				337663B41D45E1D0003AA73C /* GTShareActionSheet.m */,
				33651FD31D53302900F5CA9F /* GTSearchActionSheet.h */,
				33651FD41D53302900F5CA9F /* GTSearchActionSheet.m */,
				331D90351D5F2ECF00C69699 /* GTDatePickActionSheet.h */,
				331D90361D5F2ECF00C69699 /* GTDatePickActionSheet.m */,
				3356AA671D6EDD0E00F4F4EF /* CRBaseActionSheet.h */,
				3356AA681D6EDD0E00F4F4EF /* CRBaseActionSheet.m */,
				3356AA6A1D6EE49100F4F4EF /* CRSelectActionSheet.h */,
				3356AA6B1D6EE49100F4F4EF /* CRSelectActionSheet.m */,
			);
			name = ActionSheet;
			sourceTree = "<group>";
		};
		331FC0BD1D635AE60038C7B6 /* PushServiceSDK */ = {
			isa = PBXGroup;
			children = (
				331FC0BE1D635AF20038C7B6 /* libMiPushSDK.a */,
				331FC0BF1D635AF20038C7B6 /* MiPushSDK.h */,
			);
			name = PushServiceSDK;
			sourceTree = "<group>";
		};
		3321FA501D32490500D3850E /* Headers */ = {
			isa = PBXGroup;
			children = (
				33C620B61D3107120022A9F0 /* GTMacroConstantHeader.h */,
				33C620B51D30FD9D0022A9F0 /* GTMacroFunctionHeader.h */,
				33C620B41D300EBE0022A9F0 /* GTGlobalPrefixHeader.h */,
			);
			name = Headers;
			path = ..;
			sourceTree = "<group>";
		};
		3321FA541D329D1600D3850E /* Catagory */ = {
			isa = PBXGroup;
			children = (
				3321FA511D329D1300D3850E /* NSString+CheckingExtension.h */,
				3321FA521D329D1300D3850E /* NSString+CheckingExtension.m */,
				3321FA551D329ED600D3850E /* MBProgressHUD+DisplayExtension.h */,
				3321FA561D329ED600D3850E /* MBProgressHUD+DisplayExtension.m */,
				3321FA8E1D33F4CA00D3850E /* NSMutableDictionary+HTTPExtension.h */,
				3321FA8F1D33F4CA00D3850E /* NSMutableDictionary+HTTPExtension.m */,
				3321FA911D33F96900D3850E /* NSDictionary+HTTPExtionsion.h */,
				3321FA921D33F96900D3850E /* NSDictionary+HTTPExtionsion.m */,
				3321FABB1D37CAB500D3850E /* UIView+DisplayExtention.h */,
				3321FABC1D37CAB500D3850E /* UIView+DisplayExtention.m */,
				33FF6D3B1D437B83009C730E /* UIImage+DisplayExtension.h */,
				33FF6D3C1D437B83009C730E /* UIImage+DisplayExtension.m */,
				335380861D445FE100041BD9 /* UIColor+DisplayExtension.h */,
				335380871D445FE100041BD9 /* UIColor+DisplayExtension.m */,
				33B578AE1D5F02AC00A1401B /* NSString+GTCommon.h */,
				33B578AF1D5F02AC00A1401B /* NSString+GTCommon.m */,
				3382FABD1D6FDF9C003E4EE0 /* UIViewController+GTAlertController.h */,
				3382FABE1D6FDF9C003E4EE0 /* UIViewController+GTAlertController.m */,
				33DF4D861D71AC9900707324 /* UIViewController+GTExtionsion.h */,
				33DF4D871D71AC9900707324 /* UIViewController+GTExtionsion.m */,
			);
			name = Catagory;
			sourceTree = "<group>";
		};
		3321FA5B1D33548D00D3850E /* WeChatAPI */ = {
			isa = PBXGroup;
			children = (
				3321FA5C1D3354FC00D3850E /* libWeChatSDK.a */,
				3321FA5D1D3354FC00D3850E /* README.txt */,
				3321FA5E1D3354FC00D3850E /* WechatAuthSDK.h */,
				3321FA5F1D3354FC00D3850E /* WXApi.h */,
				3321FA601D3354FC00D3850E /* WXApiObject.h */,
			);
			name = WeChatAPI;
			sourceTree = "<group>";
		};
		3321FA651D33B95100D3850E /* Login */ = {
			isa = PBXGroup;
			children = (
				3321FA5B1D33548D00D3850E /* WeChatAPI */,
				3321FA661D33B96B00D3850E /* GTLoginMenuViewController.h */,
				3321FA671D33B96B00D3850E /* GTLoginMenuViewController.m */,
				3321FA691D33BA3C00D3850E /* GTWXLoginManager.h */,
				3321FA6A1D33BA3C00D3850E /* GTWXLoginManager.m */,
				3321FAC11D39291C00D3850E /* GTPhoneRegisterViewController.h */,
				3321FAC21D39291C00D3850E /* GTPhoneRegisterViewController.m */,
				330E31351D51F40D00B94695 /* GTLoginViewController.h */,
				330E31361D51F40D00B94695 /* GTLoginViewController.m */,
			);
			name = Login;
			sourceTree = "<group>";
		};
		3321FA8A1D33E85E00D3850E /* UtilityData */ = {
			isa = PBXGroup;
			children = (
				3321FA871D33E40000D3850E /* GTUserUtils.h */,
				3321FA881D33E40000D3850E /* GTUserUtils.m */,
				3321FA8B1D33E87B00D3850E /* GTUserModel.h */,
				3321FA8C1D33E87B00D3850E /* GTUserModel.m */,
			);
			name = UtilityData;
			sourceTree = "<group>";
		};
		3321FA9E1D36730000D3850E /* DeviceList */ = {
			isa = PBXGroup;
			children = (
				3321FA981D34C55300D3850E /* GTDeviceListViewController.h */,
				3321FA991D34C55300D3850E /* GTDeviceListViewController.m */,
				3321FA9F1D36743200D3850E /* GTDeviceListCell.h */,
				3321FAA01D36743200D3850E /* GTDeviceListCell.m */,
				3321FAA21D36782500D3850E /* GTDeviceModel.h */,
				3321FAA31D36782500D3850E /* GTDeviceModel.m */,
				337663C11D48CD5D003AA73C /* GTDeviceFuntionItem.h */,
				337663C21D48CD5D003AA73C /* GTDeviceFuntionItem.m */,
				331FC0D11D655DD90038C7B6 /* GTNoDeviceView.h */,
				331FC0D21D655DD90038C7B6 /* GTNoDeviceView.m */,
			);
			name = DeviceList;
			sourceTree = "<group>";
		};
		3321FAC41D393B3D00D3850E /* UserInfo */ = {
			isa = PBXGroup;
			children = (
				3321FAC51D393B5F00D3850E /* GTUserInfoViewController.h */,
				3321FAC61D393B5F00D3850E /* GTUserInfoViewController.m */,
				33A0FC871D3D1FBB00C731DF /* GTUserInfoCell.h */,
				33A0FC881D3D1FBB00C731DF /* GTUserInfoCell.m */,
				3326A0351D3E6470000697DC /* GTFeedbackViewController.h */,
				3326A0361D3E6470000697DC /* GTFeedbackViewController.m */,
				331FC0C81D649A190038C7B6 /* GTNotDisturbViewController.h */,
				331FC0C91D649A190038C7B6 /* GTNotDisturbViewController.m */,
				331FC0CB1D64A0700038C7B6 /* GTNotDisturbCell.h */,
				331FC0CC1D64A0700038C7B6 /* GTNotDisturbCell.m */,
				33B0FF751D65DC1400F9429A /* GTQuitCell.h */,
				33B0FF761D65DC1400F9429A /* GTQuitCell.m */,
				33B0FF771D65DC1400F9429A /* GTQuitCell.xib */,
			);
			name = UserInfo;
			sourceTree = "<group>";
		};
		33265B911D752CCA00DBEEF7 /* Cells */ = {
			isa = PBXGroup;
			children = (
				337663CA1D49FC88003AA73C /* GTDeviceZoneCell.h */,
				337663CB1D49FC88003AA73C /* GTDeviceZoneCell.m */,
			);
			name = Cells;
			sourceTree = "<group>";
		};
		33265B921D752CF600DBEEF7 /* CommonUI */ = {
			isa = PBXGroup;
			children = (
				33265B941D752D0900DBEEF7 /* Cell */,
				33265B931D752D0200DBEEF7 /* View */,
			);
			name = CommonUI;
			sourceTree = "<group>";
		};
		33265B931D752D0200DBEEF7 /* View */ = {
			isa = PBXGroup;
			children = (
			);
			name = View;
			sourceTree = "<group>";
		};
		33265B941D752D0900DBEEF7 /* Cell */ = {
			isa = PBXGroup;
			children = (
				33FEDBCE1D58BF27009A3D06 /* GTEditOneRowCell.h */,
				33FEDBCF1D58BF27009A3D06 /* GTEditOneRowCell.m */,
				33FEDBCC1D58B775009A3D06 /* GTEditOneRowCell.xib */,
				33FEDBD11D58C1BF009A3D06 /* GTEditTwoRowCell.h */,
				33FEDBD21D58C1BF009A3D06 /* GTEditTwoRowCell.m */,
				33FEDBD31D58C1BF009A3D06 /* GTEditTwoRowCell.xib */,
				33DF4DA01D72897600707324 /* GTDoneButtonCell.h */,
				33DF4DA11D72897600707324 /* GTDoneButtonCell.m */,
				33DF4D9B1D72886500707324 /* GTDoneButtonCell.xib */,
			);
			name = Cell;
			sourceTree = "<group>";
		};
		33265B951D752DDD00DBEEF7 /* Data */ = {
			isa = PBXGroup;
			children = (
				337663BE1D489A04003AA73C /* GTDeviceZoneModel.h */,
				337663BF1D489A04003AA73C /* GTDeviceZoneModel.m */,
				330E31391D52220900B94695 /* GTDeviceZoneModel2.h */,
				330E313A1D52220900B94695 /* GTDeviceZoneModel2.m */,
				331D903E1D6084D400C69699 /* GTZoneDataManager.h */,
				331D903F1D6084D400C69699 /* GTZoneDataManager.m */,
			);
			name = Data;
			sourceTree = "<group>";
		};
		33265B961D752DF300DBEEF7 /* ViewController */ = {
			isa = PBXGroup;
			children = (
				337663C71D49F04C003AA73C /* GTRoutesListViewController.h */,
				337663C81D49F04C003AA73C /* GTRoutesListViewController.m */,
				33FEDBB21D562371009A3D06 /* GTZoneEditViewController.h */,
				33FEDBB31D562371009A3D06 /* GTZoneEditViewController.m */,
				33DF4D961D72857D00707324 /* GTZoneStainEditViewController.h */,
				33DF4D971D72857D00707324 /* GTZoneStainEditViewController.m */,
			);
			name = ViewController;
			sourceTree = "<group>";
		};
		332BA2481D3F45B900B0C635 /* WarningRecords */ = {
			isa = PBXGroup;
			children = (
				33FF6D311D437576009C730E /* WarningDetail */,
				33FF6D301D43715F009C730E /* WarningRecords */,
				33620C921D4216E400209AE7 /* GTWarningRecordHeader.h */,
			);
			name = WarningRecords;
			sourceTree = "<group>";
		};
		334FBDF31D695BCC0076346E /* AddDevice */ = {
			isa = PBXGroup;
			children = (
				33C620AE1D30096E0022A9F0 /* GTAddDeviceViewController.h */,
				33C620AF1D30096E0022A9F0 /* GTAddDeviceViewController.m */,
				33C620B11D300D750022A9F0 /* GTAddDeviceCell.h */,
				33C620B21D300D750022A9F0 /* GTAddDeviceCell.m */,
				334FBDF41D695C1C0076346E /* GTAddDeviceNoCell.h */,
				334FBDF51D695C1C0076346E /* GTAddDeviceNoCell.m */,
				3356AA701D6F371E00F4F4EF /* GTAddDeviceUserTypeCell.m */,
				3356AA711D6F371E00F4F4EF /* GTAddDeviceUserTypeCell.h */,
			);
			name = AddDevice;
			sourceTree = "<group>";
		};
		3352A6071D39CED500EED5C0 /* GestureUnlock */ = {
			isa = PBXGroup;
			children = (
				3352A6201D39D96700EED5C0 /* CALayer+Anim.h */,
				3352A6211D39D96700EED5C0 /* CALayer+Anim.m */,
				3352A6171D39D8E100EED5C0 /* PCCircleInfoView.h */,
				3352A6181D39D8E100EED5C0 /* PCCircleInfoView.m */,
				3352A6191D39D8E100EED5C0 /* PCLockLabel.h */,
				3352A61A1D39D8E100EED5C0 /* PCLockLabel.m */,
				3352A6081D39CEEB00EED5C0 /* PCCircle.h */,
				3352A6091D39CEEB00EED5C0 /* PCCircle.m */,
				3352A60A1D39CEEB00EED5C0 /* PCCircleView.h */,
				3352A60B1D39CEEB00EED5C0 /* PCCircleView.m */,
				3352A60C1D39CEEB00EED5C0 /* PCCircleViewConst.h */,
				3352A60D1D39CEEB00EED5C0 /* PCCircleViewConst.m */,
			);
			name = GestureUnlock;
			sourceTree = "<group>";
		};
		335380941D44C7D000041BD9 /* Main */ = {
			isa = PBXGroup;
			children = (
				33A0FC841D3D1C6A00C731DF /* GTMainViewController.h */,
				33A0FC851D3D1C6A00C731DF /* GTMainViewController.m */,
				335380951D44C80D00041BD9 /* GTStartModel.h */,
				335380961D44C80D00041BD9 /* GTStartModel.m */,
				337663B91D474952003AA73C /* GTMainViewInfoModel.h */,
				337663BA1D474952003AA73C /* GTMainViewInfoModel.m */,
				3313FED21D4F8CE8001B27C6 /* GTBaseNavigationController.h */,
				3313FED31D4F8CE8001B27C6 /* GTBaseNavigationController.m */,
				3382FAC01D700EB1003E4EE0 /* GTCheckPwdModel.h */,
				3382FAC11D700EB1003E4EE0 /* GTCheckPwdModel.m */,
			);
			name = Main;
			sourceTree = "<group>";
		};
		337663B21D45E197003AA73C /* UtilityUI */ = {
			isa = PBXGroup;
			children = (
				331AF79C1D757388002D1997 /* ActionSheet */,
				33651FDC1D53801E00F5CA9F /* GTSearchBar.h */,
				33651FDD1D53801E00F5CA9F /* GTSearchBar.m */,
				33B0FF7A1D66E7AE00F9429A /* GTBottomSelectionView.h */,
				33B0FF7B1D66E7AE00F9429A /* GTBottomSelectionView.m */,
				33B0FF7D1D66E7E800F9429A /* GTBottomSelectionView.xib */,
				333725931D6C24560094621E /* GTShareManager.h */,
				333725941D6C24560094621E /* GTShareManager.m */,
				33B0933F1D7D40B900C6E8A0 /* GTWebViewController.h */,
				33B093401D7D40B900C6E8A0 /* GTWebViewController.m */,
			);
			name = UtilityUI;
			sourceTree = "<group>";
		};
		337663BC1D4773DF003AA73C /* Gesture */ = {
			isa = PBXGroup;
			children = (
				3352A6151D39D03B00EED5C0 /* GTGestureUnlockViewController.m */,
				3352A6141D39D03B00EED5C0 /* GTGestureUnlockViewController.h */,
				3352A61D1D39D90600EED5C0 /* GestureViewController.h */,
				3352A61E1D39D90600EED5C0 /* GestureViewController.m */,
				3313FECF1D4F8892001B27C6 /* GTGestureManager.h */,
				3313FED01D4F8892001B27C6 /* GTGestureManager.m */,
			);
			name = Gesture;
			sourceTree = "<group>";
		};
		337663BD1D4899EB003AA73C /* Zones */ = {
			isa = PBXGroup;
			children = (
				33265B911D752CCA00DBEEF7 /* Cells */,
				33265B961D752DF300DBEEF7 /* ViewController */,
				33265B951D752DDD00DBEEF7 /* Data */,
				33FEDBD61D58C2A2009A3D06 /* View */,
				33C7B3561D7986470063075A /* GTZoneCellTimer.h */,
				33C7B3571D7986470063075A /* GTZoneCellTimer.m */,
				3313240A1D7BBA2500D4EFBB /* GTTimerQueue.h */,
				3313240B1D7BBA2500D4EFBB /* GTTimerQueue.m */,
			);
			name = Zones;
			sourceTree = "<group>";
		};
		33C6208A1D2FE7E60022A9F0 = {
			isa = PBXGroup;
			children = (
				33C620951D2FE7E60022A9F0 /* gatoCloud */,
				33C620941D2FE7E60022A9F0 /* Products */,
				4BF9F301F816C63B14762E82 /* Pods */,
				86DBB2AF2FF9D675B4C6AB26 /* Frameworks */,
			);
			sourceTree = "<group>";
		};
		33C620941D2FE7E60022A9F0 /* Products */ = {
			isa = PBXGroup;
			children = (
				33C620931D2FE7E60022A9F0 /* 广拓云警.app */,
			);
			name = Products;
			sourceTree = "<group>";
		};
		33C620951D2FE7E60022A9F0 /* gatoCloud */ = {
			isa = PBXGroup;
			children = (
				33265B921D752CF600DBEEF7 /* CommonUI */,
				331FC0BD1D635AE60038C7B6 /* PushServiceSDK */,
				337663BD1D4899EB003AA73C /* Zones */,
				337663B21D45E197003AA73C /* UtilityUI */,
				335380941D44C7D000041BD9 /* Main */,
				332BA2481D3F45B900B0C635 /* WarningRecords */,
				3321FAC41D393B3D00D3850E /* UserInfo */,
				3321FA8A1D33E85E00D3850E /* UtilityData */,
				3321FA651D33B95100D3850E /* Login */,
				3321FA501D32490500D3850E /* Headers */,
				33C620AD1D30090F0022A9F0 /* Devices */,
				33C6209F1D2FE7E60022A9F0 /* Main.storyboard */,
				33C620A21D2FE7E60022A9F0 /* Assets.xcassets */,
				33C620961D2FE7E60022A9F0 /* Supporting Files */,
				3321FA541D329D1600D3850E /* Catagory */,
				3321FA581D32A82E00D3850E /* GTHttpManager.h */,
				3321FA591D32A82E00D3850E /* GTHttpManager.m */,
				337663BC1D4773DF003AA73C /* Gesture */,
			);
			path = gatoCloud;
			sourceTree = "<group>";
		};
		33C620961D2FE7E60022A9F0 /* Supporting Files */ = {
			isa = PBXGroup;
			children = (
				335380921D44C75700041BD9 /* start.json */,
				33620C901D4128C800209AE7 /* page.json */,
				33C620991D2FE7E60022A9F0 /* AppDelegate.h */,
				33C6209A1D2FE7E60022A9F0 /* AppDelegate.m */,
				3321FA4C1D3240FD00D3850E /* GTWindow.h */,
				3321FA4D1D3240FD00D3850E /* GTWindow.m */,
				33C620971D2FE7E60022A9F0 /* main.m */,
				33C620A71D2FE7E60022A9F0 /* Info.plist */,
				33C620A41D2FE7E60022A9F0 /* LaunchScreen.storyboard */,
				3321FAB01D36924100D3850E /* UIView+GTCornerRadius.h */,
				3321FAB11D36924100D3850E /* UIView+GTCornerRadius.m */,
				337663B61D46097A003AA73C /* GTDeviceManagerAuthorization.h */,
				337663B71D46097A003AA73C /* GTDeviceManagerAuthorization.m */,
			);
			name = "Supporting Files";
			sourceTree = "<group>";
		};
		33C620AD1D30090F0022A9F0 /* Devices */ = {
			isa = PBXGroup;
			children = (
				3321FA9E1D36730000D3850E /* DeviceList */,
				334FBDF31D695BCC0076346E /* AddDevice */,
				3321FAB31D3692FF00D3850E /* GTEditDeviceViewController.h */,
				3321FAB41D3692FF00D3850E /* GTEditDeviceViewController.m */,
			);
			name = Devices;
			sourceTree = "<group>";
		};
		33FEDBD61D58C2A2009A3D06 /* View */ = {
			isa = PBXGroup;
			children = (
				33DF4D8B1D71B2A300707324 /* GTZoneStrainView.h */,
				33DF4D8C1D71B2A300707324 /* GTZoneStrainView.m */,
				33DF4D891D71B0E500707324 /* GTZoneStrainView.xib */,
				33DF4D901D71CA6E00707324 /* GTZoneInfoView.h */,
				33DF4D911D71CA6E00707324 /* GTZoneInfoView.m */,
				33DF4D8E1D71C6BF00707324 /* GTZoneInfoView.xib */,
			);
			name = View;
			sourceTree = "<group>";
		};
		33FF6D301D43715F009C730E /* WarningRecords */ = {
			isa = PBXGroup;
			children = (
				332BA24C1D3F502600B0C635 /* GTWarningRecordsViewController.h */,
				332BA24D1D3F502600B0C635 /* GTWarningRecordsViewController.m */,
				332BA24F1D3FADB500B0C635 /* GTWarningRecordCell.h */,
				332BA2501D3FADB500B0C635 /* GTWarningRecordCell.m */,
				33B578A61D5CC2D200A1401B /* GTWarningRecordCell.xib */,
				336C61291D41211A003C4410 /* GTWarningRecordCompleteModel.h */,
				336C612A1D41211A003C4410 /* GTWarningRecordCompleteModel.m */,
				332BA2521D3FAF1200B0C635 /* GTWarningRecordDataManager.h */,
				332BA2531D3FAF1200B0C635 /* GTWarningRecordDataManager.m */,
				332BA2491D3F45E300B0C635 /* GTWarningRecordModel.h */,
				332BA24A1D3F45E300B0C635 /* GTWarningRecordModel.m */,
				33B578A91D5EFFFC00A1401B /* GTSelectionPanel.h */,
				33B578AA1D5EFFFC00A1401B /* GTSelectionPanel.m */,
				331D90321D5F24BA00C69699 /* GTDatePickPanel.h */,
				331D90331D5F24BA00C69699 /* GTDatePickPanel.m */,
			);
			name = WarningRecords;
			sourceTree = "<group>";
		};
		33FF6D311D437576009C730E /* WarningDetail */ = {
			isa = PBXGroup;
			children = (
				33FF6D2D1D4370FE009C730E /* GTWarningDetailViewController.h */,
				33FF6D2E1D4370FE009C730E /* GTWarningDetailViewController.m */,
				33FF6D321D4375D0009C730E /* GTWarningDetailCommonCell.h */,
				33FF6D331D4375D0009C730E /* GTWarningDetailCommonCell.m */,
				33FF6D381D43770F009C730E /* GTWarningDetailStateCell.h */,
				33FF6D391D43770F009C730E /* GTWarningDetailStateCell.m */,
				335380891D4461A900041BD9 /* GTWarningDetailCommentCell.h */,
				3353808A1D4461A900041BD9 /* GTWarningDetailCommentCell.m */,
				3353808C1D44620C00041BD9 /* GTWarningDetailDoneCell.h */,
				3353808D1D44620C00041BD9 /* GTWarningDetailDoneCell.m */,
			);
			name = WarningDetail;
			sourceTree = "<group>";
		};
		4BF9F301F816C63B14762E82 /* Pods */ = {
			isa = PBXGroup;
			children = (
				4E9C7E50B9B21A8135494CBF /* Pods-gatoCloud.debug.xcconfig */,
				1E0F76716D129E10DF7A68C4 /* Pods-gatoCloud.release.xcconfig */,
			);
			name = Pods;
			sourceTree = "<group>";
		};
		86DBB2AF2FF9D675B4C6AB26 /* Frameworks */ = {
			isa = PBXGroup;
			children = (
				331FC0C51D635C170038C7B6 /* MobileCoreServices.framework */,
				331FC0C31D635BFD0038C7B6 /* libxml2.tbd */,
				331FC0C11D635BED0038C7B6 /* libresolv.tbd */,
				3352A6071D39CED500EED5C0 /* GestureUnlock */,
				3321FA781D33BED300D3850E /* CoreTelephony.framework */,
				3321FA761D33BE7B00D3850E /* libsqlite3.tbd */,
				3321FA741D33BE2F00D3850E /* SystemConfiguration.framework */,
				3321FA721D33BE2700D3850E /* libz.tbd */,
				3321FA701D33BE1D00D3850E /* libc++.tbd */,
				3321FA6E1D33BE0E00D3850E /* libsqlite3.0.tbd */,
				3321FA6C1D33BC1C00D3850E /* Security.framework */,
				5DB7C0AA89F4ABA958A8D5DC /* libPods-gatoCloud.a */,
			);
			name = Frameworks;
			sourceTree = "<group>";
		};
/* End PBXGroup section */

/* Begin PBXNativeTarget section */
		33C620921D2FE7E60022A9F0 /* gatoCloud */ = {
			isa = PBXNativeTarget;
			buildConfigurationList = 33C620AA1D2FE7E60022A9F0 /* Build configuration list for PBXNativeTarget "gatoCloud" */;
			buildPhases = (
				35CA4D2217CF2D56B3DBEBD3 /* [CP] Check Pods Manifest.lock */,
				33C6208F1D2FE7E60022A9F0 /* Sources */,
				33C620901D2FE7E60022A9F0 /* Frameworks */,
				33C620911D2FE7E60022A9F0 /* Resources */,
				C67EF62CA734AF0D22BB7C74 /* [CP] Embed Pods Frameworks */,
				3AE79D4AB35194F2D5F706B1 /* [CP] Copy Pods Resources */,
				337E6FCC1D70470A00394CFC /* ShellScript */,
			);
			buildRules = (
			);
			dependencies = (
			);
			name = gatoCloud;
			productName = gatoCloud;
			productReference = 33C620931D2FE7E60022A9F0 /* 广拓云警.app */;
			productType = "com.apple.product-type.application";
		};
/* End PBXNativeTarget section */

/* Begin PBXProject section */
		33C6208B1D2FE7E60022A9F0 /* Project object */ = {
			isa = PBXProject;
			attributes = {
				LastUpgradeCheck = 0730;
				ORGANIZATIONNAME = Gato;
				TargetAttributes = {
					33C620921D2FE7E60022A9F0 = {
						CreatedOnToolsVersion = 7.3.1;
						DevelopmentTeam = J2ATXHKPAQ;
					};
				};
			};
			buildConfigurationList = 33C6208E1D2FE7E60022A9F0 /* Build configuration list for PBXProject "gatoCloud" */;
			compatibilityVersion = "Xcode 3.2";
			developmentRegion = English;
			hasScannedForEncodings = 0;
			knownRegions = (
				en,
				Base,
			);
			mainGroup = 33C6208A1D2FE7E60022A9F0;
			productRefGroup = 33C620941D2FE7E60022A9F0 /* Products */;
			projectDirPath = "";
			projectRoot = "";
			targets = (
				33C620921D2FE7E60022A9F0 /* gatoCloud */,
			);
		};
/* End PBXProject section */

/* Begin PBXResourcesBuildPhase section */
		33C620911D2FE7E60022A9F0 /* Resources */ = {
			isa = PBXResourcesBuildPhase;
			buildActionMask = 2147483647;
			files = (
				33FEDBD51D58C1BF009A3D06 /* GTEditTwoRowCell.xib in Resources */,
				33FEDBCD1D58B775009A3D06 /* GTEditOneRowCell.xib in Resources */,
				33DF4D9C1D72886500707324 /* GTDoneButtonCell.xib in Resources */,
				33B578A71D5CC2D200A1401B /* GTWarningRecordCell.xib in Resources */,
				33B0FF791D65DC1400F9429A /* GTQuitCell.xib in Resources */,
				33620C911D4128C800209AE7 /* page.json in Resources */,
				33C620A61D2FE7E60022A9F0 /* LaunchScreen.storyboard in Resources */,
				33C620A31D2FE7E60022A9F0 /* Assets.xcassets in Resources */,
				3321FA621D3354FC00D3850E /* README.txt in Resources */,
				33DF4D8A1D71B0E500707324 /* GTZoneStrainView.xib in Resources */,
				335380931D44C75700041BD9 /* start.json in Resources */,
				33B0FF7E1D66E7E800F9429A /* GTBottomSelectionView.xib in Resources */,
				33C620A11D2FE7E60022A9F0 /* Main.storyboard in Resources */,
				33DF4D8F1D71C6BF00707324 /* GTZoneInfoView.xib in Resources */,
			);
			runOnlyForDeploymentPostprocessing = 0;
		};
/* End PBXResourcesBuildPhase section */

/* Begin PBXShellScriptBuildPhase section */
		337E6FCC1D70470A00394CFC /* ShellScript */ = {
			isa = PBXShellScriptBuildPhase;
			buildActionMask = 2147483647;
			files = (
			);
			inputPaths = (
			);
			outputPaths = (
			);
			runOnlyForDeploymentPostprocessing = 0;
			shellPath = /bin/sh;
			shellScript = "\"${PODS_ROOT}/Fabric/run\" 2fd28a58d61c47b58efa76e2a0c5a028c94bece5 2900c1774590c4309f2855023ecdfd7f1f4fe7c378f4deb103630e32cd64a409";
		};
		35CA4D2217CF2D56B3DBEBD3 /* [CP] Check Pods Manifest.lock */ = {
			isa = PBXShellScriptBuildPhase;
			buildActionMask = 2147483647;
			files = (
			);
			inputPaths = (
			);
			name = "[CP] Check Pods Manifest.lock";
			outputPaths = (
			);
			runOnlyForDeploymentPostprocessing = 0;
			shellPath = /bin/sh;
			shellScript = "diff \"${PODS_ROOT}/../Podfile.lock\" \"${PODS_ROOT}/Manifest.lock\" > /dev/null\nif [[ $? != 0 ]] ; then\n    cat << EOM\nerror: The sandbox is not in sync with the Podfile.lock. Run 'pod install' or update your CocoaPods installation.\nEOM\n    exit 1\nfi\n";
			showEnvVarsInLog = 0;
		};
		3AE79D4AB35194F2D5F706B1 /* [CP] Copy Pods Resources */ = {
			isa = PBXShellScriptBuildPhase;
			buildActionMask = 2147483647;
			files = (
			);
			inputPaths = (
			);
			name = "[CP] Copy Pods Resources";
			outputPaths = (
			);
			runOnlyForDeploymentPostprocessing = 0;
			shellPath = /bin/sh;
			shellScript = "\"${SRCROOT}/Pods/Target Support Files/Pods-gatoCloud/Pods-gatoCloud-resources.sh\"\n";
			showEnvVarsInLog = 0;
		};
		C67EF62CA734AF0D22BB7C74 /* [CP] Embed Pods Frameworks */ = {
			isa = PBXShellScriptBuildPhase;
			buildActionMask = 2147483647;
			files = (
			);
			inputPaths = (
			);
			name = "[CP] Embed Pods Frameworks";
			outputPaths = (
			);
			runOnlyForDeploymentPostprocessing = 0;
			shellPath = /bin/sh;
			shellScript = "\"${SRCROOT}/Pods/Target Support Files/Pods-gatoCloud/Pods-gatoCloud-frameworks.sh\"\n";
			showEnvVarsInLog = 0;
		};
/* End PBXShellScriptBuildPhase section */

/* Begin PBXSourcesBuildPhase section */
		33C6208F1D2FE7E60022A9F0 /* Sources */ = {
			isa = PBXSourcesBuildPhase;
			buildActionMask = 2147483647;
			files = (
				331D90341D5F24BA00C69699 /* GTDatePickPanel.m in Sources */,
				331FC0CD1D64A0700038C7B6 /* GTNotDisturbCell.m in Sources */,
				3321FA9A1D34C55300D3850E /* GTDeviceListViewController.m in Sources */,
				3352A61B1D39D8E100EED5C0 /* PCCircleInfoView.m in Sources */,
				331FC0CA1D649A190038C7B6 /* GTNotDisturbViewController.m in Sources */,
				33B0FF781D65DC1400F9429A /* GTQuitCell.m in Sources */,
				3321FAC71D393B5F00D3850E /* GTUserInfoViewController.m in Sources */,
				33B578AB1D5EFFFC00A1401B /* GTSelectionPanel.m in Sources */,
				3356AA6C1D6EE49100F4F4EF /* CRSelectActionSheet.m in Sources */,
				3356AA721D6F371E00F4F4EF /* GTAddDeviceUserTypeCell.m in Sources */,
				33651FD51D53302900F5CA9F /* GTSearchActionSheet.m in Sources */,
				3352A6221D39D96700EED5C0 /* CALayer+Anim.m in Sources */,
				33FF6D3D1D437B83009C730E /* UIImage+DisplayExtension.m in Sources */,
				33DF4D881D71AC9900707324 /* UIViewController+GTExtionsion.m in Sources */,
				3321FA901D33F4CA00D3850E /* NSMutableDictionary+HTTPExtension.m in Sources */,
				3321FAC31D39291C00D3850E /* GTPhoneRegisterViewController.m in Sources */,
				33DF4D8D1D71B2A300707324 /* GTZoneStrainView.m in Sources */,
				33B093411D7D40B900C6E8A0 /* GTWebViewController.m in Sources */,
				332BA2541D3FAF1200B0C635 /* GTWarningRecordDataManager.m in Sources */,
				3321FA5A1D32A82E00D3850E /* GTHttpManager.m in Sources */,
				3352A60F1D39CEEB00EED5C0 /* PCCircleView.m in Sources */,
				3313FED11D4F8892001B27C6 /* GTGestureManager.m in Sources */,
				337663B51D45E1D0003AA73C /* GTShareActionSheet.m in Sources */,
				3321FAB51D3692FF00D3850E /* GTEditDeviceViewController.m in Sources */,
				3321FA4E1D3240FD00D3850E /* GTWindow.m in Sources */,
				333725951D6C24560094621E /* GTShareManager.m in Sources */,
				3326A0371D3E6470000697DC /* GTFeedbackViewController.m in Sources */,
				337663B81D46097A003AA73C /* GTDeviceManagerAuthorization.m in Sources */,
				3313FED41D4F8CE8001B27C6 /* GTBaseNavigationController.m in Sources */,
				33DF4D981D72857D00707324 /* GTZoneStainEditViewController.m in Sources */,
				33FF6D2F1D4370FE009C730E /* GTWarningDetailViewController.m in Sources */,
				33FEDBB41D562371009A3D06 /* GTZoneEditViewController.m in Sources */,
				3352A6161D39D03B00EED5C0 /* GTGestureUnlockViewController.m in Sources */,
				3321FAA11D36743200D3850E /* GTDeviceListCell.m in Sources */,
				3382FAC21D700EB1003E4EE0 /* GTCheckPwdModel.m in Sources */,
				337663C31D48CD5D003AA73C /* GTDeviceFuntionItem.m in Sources */,
				337663C01D489A04003AA73C /* GTDeviceZoneModel.m in Sources */,
				3353808B1D4461A900041BD9 /* GTWarningDetailCommentCell.m in Sources */,
				33A0FC891D3D1FBB00C731DF /* GTUserInfoCell.m in Sources */,
				330E313B1D52220900B94695 /* GTDeviceZoneModel2.m in Sources */,
				331D90371D5F2ECF00C69699 /* GTDatePickActionSheet.m in Sources */,
				3321FA8D1D33E87B00D3850E /* GTUserModel.m in Sources */,
				3321FA931D33F96900D3850E /* NSDictionary+HTTPExtionsion.m in Sources */,
				3382FABF1D6FDF9C003E4EE0 /* UIViewController+GTAlertController.m in Sources */,
				3352A60E1D39CEEB00EED5C0 /* PCCircle.m in Sources */,
				3321FA531D329D1300D3850E /* NSString+CheckingExtension.m in Sources */,
				337663BB1D474952003AA73C /* GTMainViewInfoModel.m in Sources */,
				336C612B1D41211A003C4410 /* GTWarningRecordCompleteModel.m in Sources */,
				33A0FC861D3D1C6A00C731DF /* GTMainViewController.m in Sources */,
				3321FA571D329ED600D3850E /* MBProgressHUD+DisplayExtension.m in Sources */,
				33651FDE1D53801E00F5CA9F /* GTSearchBar.m in Sources */,
				33C620B31D300D750022A9F0 /* GTAddDeviceCell.m in Sources */,
				3321FA891D33E40000D3850E /* GTUserUtils.m in Sources */,
				3356AA691D6EDD0E00F4F4EF /* CRBaseActionSheet.m in Sources */,
				337663CC1D49FC88003AA73C /* GTDeviceZoneCell.m in Sources */,
				3321FA681D33B96B00D3850E /* GTLoginMenuViewController.m in Sources */,
				332BA24B1D3F45E300B0C635 /* GTWarningRecordModel.m in Sources */,
				3321FAA41D36782500D3850E /* GTDeviceModel.m in Sources */,
				33C620B01D30096E0022A9F0 /* GTAddDeviceViewController.m in Sources */,
				332BA2511D3FADB500B0C635 /* GTWarningRecordCell.m in Sources */,
				3352A6101D39CEEB00EED5C0 /* PCCircleViewConst.m in Sources */,
				33B0FF7C1D66E7AE00F9429A /* GTBottomSelectionView.m in Sources */,
				33C7B3581D7986470063075A /* GTZoneCellTimer.m in Sources */,
				331FC0D31D655DD90038C7B6 /* GTNoDeviceView.m in Sources */,
				33DF4DA21D72897600707324 /* GTDoneButtonCell.m in Sources */,
				33FF6D341D4375D0009C730E /* GTWarningDetailCommonCell.m in Sources */,
				33FF6D3A1D43770F009C730E /* GTWarningDetailStateCell.m in Sources */,
				330E31371D51F40D00B94695 /* GTLoginViewController.m in Sources */,
				335380971D44C80D00041BD9 /* GTStartModel.m in Sources */,
				331D90401D6084D400C69699 /* GTZoneDataManager.m in Sources */,
				337663C91D49F04C003AA73C /* GTRoutesListViewController.m in Sources */,
				33C6209B1D2FE7E60022A9F0 /* AppDelegate.m in Sources */,
				3321FA6B1D33BA3C00D3850E /* GTWXLoginManager.m in Sources */,
				33B578B01D5F02AC00A1401B /* NSString+GTCommon.m in Sources */,
				335380881D445FE100041BD9 /* UIColor+DisplayExtension.m in Sources */,
				3352A61F1D39D90600EED5C0 /* GestureViewController.m in Sources */,
				332BA24E1D3F502600B0C635 /* GTWarningRecordsViewController.m in Sources */,
				33FEDBD01D58BF27009A3D06 /* GTEditOneRowCell.m in Sources */,
				3352A61C1D39D8E100EED5C0 /* PCLockLabel.m in Sources */,
				3321FAB21D36924100D3850E /* UIView+GTCornerRadius.m in Sources */,
				3353808E1D44620C00041BD9 /* GTWarningDetailDoneCell.m in Sources */,
				33DF4D921D71CA6E00707324 /* GTZoneInfoView.m in Sources */,
				3321FABD1D37CAB500D3850E /* UIView+DisplayExtention.m in Sources */,
				334FBDF61D695C1C0076346E /* GTAddDeviceNoCell.m in Sources */,
				33C620981D2FE7E60022A9F0 /* main.m in Sources */,
				3313240C1D7BBA2500D4EFBB /* GTTimerQueue.m in Sources */,
				33FEDBD41D58C1BF009A3D06 /* GTEditTwoRowCell.m in Sources */,
			);
			runOnlyForDeploymentPostprocessing = 0;
		};
/* End PBXSourcesBuildPhase section */

/* Begin PBXVariantGroup section */
		33C6209F1D2FE7E60022A9F0 /* Main.storyboard */ = {
			isa = PBXVariantGroup;
			children = (
				33C620A01D2FE7E60022A9F0 /* Base */,
			);
			name = Main.storyboard;
			sourceTree = "<group>";
		};
		33C620A41D2FE7E60022A9F0 /* LaunchScreen.storyboard */ = {
			isa = PBXVariantGroup;
			children = (
				33C620A51D2FE7E60022A9F0 /* Base */,
			);
			name = LaunchScreen.storyboard;
			sourceTree = "<group>";
		};
/* End PBXVariantGroup section */

/* Begin XCBuildConfiguration section */
		33C620A81D2FE7E60022A9F0 /* Debug */ = {
			isa = XCBuildConfiguration;
			buildSettings = {
				ALWAYS_SEARCH_USER_PATHS = NO;
				CLANG_ANALYZER_NONNULL = YES;
				CLANG_CXX_LANGUAGE_STANDARD = "gnu++0x";
				CLANG_CXX_LIBRARY = "libc++";
				CLANG_ENABLE_MODULES = YES;
				CLANG_ENABLE_OBJC_ARC = YES;
				CLANG_WARN_BOOL_CONVERSION = YES;
				CLANG_WARN_CONSTANT_CONVERSION = YES;
				CLANG_WARN_DIRECT_OBJC_ISA_USAGE = YES_ERROR;
				CLANG_WARN_EMPTY_BODY = YES;
				CLANG_WARN_ENUM_CONVERSION = YES;
				CLANG_WARN_INT_CONVERSION = YES;
				CLANG_WARN_OBJC_ROOT_CLASS = YES_ERROR;
				CLANG_WARN_UNREACHABLE_CODE = YES;
				CLANG_WARN__DUPLICATE_METHOD_MATCH = YES;
				CODE_SIGN_IDENTITY = "iPhone Distribution: Shanghai Guangtuo Information Technology Co., Ltd. (J2ATXHKPAQ)";
				"CODE_SIGN_IDENTITY[sdk=iphoneos*]" = "iPhone Distribution: Shanghai Guangtuo Information Technology Co., Ltd. (J2ATXHKPAQ)";
				COPY_PHASE_STRIP = NO;
				DEBUG_INFORMATION_FORMAT = dwarf;
				ENABLE_STRICT_OBJC_MSGSEND = YES;
				ENABLE_TESTABILITY = YES;
				GCC_C_LANGUAGE_STANDARD = gnu99;
				GCC_DYNAMIC_NO_PIC = NO;
				GCC_NO_COMMON_BLOCKS = YES;
				GCC_OPTIMIZATION_LEVEL = 0;
				GCC_PREPROCESSOR_DEFINITIONS = (
					"DEBUG=1",
					"$(inherited)",
				);
				GCC_WARN_64_TO_32_BIT_CONVERSION = YES;
				GCC_WARN_ABOUT_RETURN_TYPE = YES_ERROR;
				GCC_WARN_UNDECLARED_SELECTOR = YES;
				GCC_WARN_UNINITIALIZED_AUTOS = YES_AGGRESSIVE;
				GCC_WARN_UNUSED_FUNCTION = YES;
				GCC_WARN_UNUSED_VARIABLE = YES;
				IPHONEOS_DEPLOYMENT_TARGET = 9.3;
				MTL_ENABLE_DEBUG_INFO = YES;
				ONLY_ACTIVE_ARCH = YES;
				PROVISIONING_PROFILE = "51e0831b-191b-4935-ae8b-85bd5aa7299c";
				SDKROOT = iphoneos;
				TARGETED_DEVICE_FAMILY = "1,2";
			};
			name = Debug;
		};
		33C620A91D2FE7E60022A9F0 /* Release */ = {
			isa = XCBuildConfiguration;
			buildSettings = {
				ALWAYS_SEARCH_USER_PATHS = NO;
				CLANG_ANALYZER_NONNULL = YES;
				CLANG_CXX_LANGUAGE_STANDARD = "gnu++0x";
				CLANG_CXX_LIBRARY = "libc++";
				CLANG_ENABLE_MODULES = YES;
				CLANG_ENABLE_OBJC_ARC = YES;
				CLANG_WARN_BOOL_CONVERSION = YES;
				CLANG_WARN_CONSTANT_CONVERSION = YES;
				CLANG_WARN_DIRECT_OBJC_ISA_USAGE = YES_ERROR;
				CLANG_WARN_EMPTY_BODY = YES;
				CLANG_WARN_ENUM_CONVERSION = YES;
				CLANG_WARN_INT_CONVERSION = YES;
				CLANG_WARN_OBJC_ROOT_CLASS = YES_ERROR;
				CLANG_WARN_UNREACHABLE_CODE = YES;
				CLANG_WARN__DUPLICATE_METHOD_MATCH = YES;
				CODE_SIGN_IDENTITY = "iPhone Distribution: Shanghai Guangtuo Information Technology Co., Ltd. (J2ATXHKPAQ)";
				"CODE_SIGN_IDENTITY[sdk=iphoneos*]" = "iPhone Distribution: Shanghai Guangtuo Information Technology Co., Ltd. (J2ATXHKPAQ)";
				COPY_PHASE_STRIP = NO;
				DEBUG_INFORMATION_FORMAT = "dwarf-with-dsym";
				ENABLE_NS_ASSERTIONS = NO;
				ENABLE_STRICT_OBJC_MSGSEND = YES;
				GCC_C_LANGUAGE_STANDARD = gnu99;
				GCC_NO_COMMON_BLOCKS = YES;
				GCC_WARN_64_TO_32_BIT_CONVERSION = YES;
				GCC_WARN_ABOUT_RETURN_TYPE = YES_ERROR;
				GCC_WARN_UNDECLARED_SELECTOR = YES;
				GCC_WARN_UNINITIALIZED_AUTOS = YES_AGGRESSIVE;
				GCC_WARN_UNUSED_FUNCTION = YES;
				GCC_WARN_UNUSED_VARIABLE = YES;
				IPHONEOS_DEPLOYMENT_TARGET = 9.3;
				MTL_ENABLE_DEBUG_INFO = NO;
				PROVISIONING_PROFILE = "51e0831b-191b-4935-ae8b-85bd5aa7299c";
				SDKROOT = iphoneos;
				TARGETED_DEVICE_FAMILY = "1,2";
				VALIDATE_PRODUCT = YES;
			};
			name = Release;
		};
		33C620AB1D2FE7E60022A9F0 /* Debug */ = {
			isa = XCBuildConfiguration;
			baseConfigurationReference = 4E9C7E50B9B21A8135494CBF /* Pods-gatoCloud.debug.xcconfig */;
			buildSettings = {
				ASSETCATALOG_COMPILER_APPICON_NAME = AppIcon;
				CLANG_ANALYZER_NONNULL = NO;
				CODE_SIGN_IDENTITY = "";
				"CODE_SIGN_IDENTITY[sdk=iphoneos*]" = "iPhone Developer: Xu Can (JLJ22A676R)";
				ENABLE_BITCODE = NO;
				GCC_PRECOMPILE_PREFIX_HEADER = YES;
				GCC_PREFIX_HEADER = GTGlobalPrefixHeader.h;
				INFOPLIST_FILE = gatoCloud/Info.plist;
				IPHONEOS_DEPLOYMENT_TARGET = 8.0;
				LD_RUNPATH_SEARCH_PATHS = "$(inherited) @executable_path/Frameworks";
				LIBRARY_SEARCH_PATHS = (
					"$(inherited)",
					"$(PROJECT_DIR)/gatoCloud",
				);
				PRODUCT_BUNDLE_IDENTIFIER = com.gato.securityApp;
				PRODUCT_NAME = "广拓云警";
				PROVISIONING_PROFILE = "2d08f37a-e7aa-41cb-8100-9577edf18a81";
				TARGETED_DEVICE_FAMILY = 1;
			};
			name = Debug;
		};
		33C620AC1D2FE7E60022A9F0 /* Release */ = {
			isa = XCBuildConfiguration;
			baseConfigurationReference = 1E0F76716D129E10DF7A68C4 /* Pods-gatoCloud.release.xcconfig */;
			buildSettings = {
				ASSETCATALOG_COMPILER_APPICON_NAME = AppIcon;
				CLANG_ANALYZER_NONNULL = NO;
				CODE_SIGN_IDENTITY = "";
				"CODE_SIGN_IDENTITY[sdk=iphoneos*]" = "iPhone Distribution: Shanghai Guangtuo Information Technology Co., Ltd. (J2ATXHKPAQ)";
				ENABLE_BITCODE = NO;
				GCC_PRECOMPILE_PREFIX_HEADER = YES;
				GCC_PREFIX_HEADER = GTGlobalPrefixHeader.h;
				INFOPLIST_FILE = gatoCloud/Info.plist;
				IPHONEOS_DEPLOYMENT_TARGET = 8.0;
				LD_RUNPATH_SEARCH_PATHS = "$(inherited) @executable_path/Frameworks";
				LIBRARY_SEARCH_PATHS = (
					"$(inherited)",
					"$(PROJECT_DIR)/gatoCloud",
				);
				PRODUCT_BUNDLE_IDENTIFIER = com.gato.securityApp;
				PRODUCT_NAME = "广拓云警";
				PROVISIONING_PROFILE = "2d08f37a-e7aa-41cb-8100-9577edf18a81";
				TARGETED_DEVICE_FAMILY = 1;
			};
			name = Release;
		};
/* End XCBuildConfiguration section */

/* Begin XCConfigurationList section */
		33C6208E1D2FE7E60022A9F0 /* Build configuration list for PBXProject "gatoCloud" */ = {
			isa = XCConfigurationList;
			buildConfigurations = (
				33C620A81D2FE7E60022A9F0 /* Debug */,
				33C620A91D2FE7E60022A9F0 /* Release */,
			);
			defaultConfigurationIsVisible = 0;
			defaultConfigurationName = Release;
		};
		33C620AA1D2FE7E60022A9F0 /* Build configuration list for PBXNativeTarget "gatoCloud" */ = {
			isa = XCConfigurationList;
			buildConfigurations = (
				33C620AB1D2FE7E60022A9F0 /* Debug */,
				33C620AC1D2FE7E60022A9F0 /* Release */,
			);
			defaultConfigurationIsVisible = 0;
			defaultConfigurationName = Release;
		};
/* End XCConfigurationList section */
	};
	rootObject = 33C6208B1D2FE7E60022A9F0 /* Project object */;
}
